// !$*UTF8*$!
{
	archiveVersion = 1;
	classes = {
	};
	objectVersion = 48;
	objects = {

/* Begin PBXBuildFile section */
		116FAAA5C5735383206C04EA /* Pods_CommonFramework.framework in Frameworks */ = {isa = PBXBuildFile; fileRef = C85A0BCFF1F65C388CEAA3C5 /* Pods_CommonFramework.framework */; };
		26AD8F640F76318472D6D3AC /* Pods_TodaysLunchTests.framework in Frameworks */ = {isa = PBXBuildFile; fileRef = 197A2852A827DA241C9EC2B0 /* Pods_TodaysLunchTests.framework */; };
		39E49D45FA432E67ACD1ACED /* Pods_TodayExtension.framework in Frameworks */ = {isa = PBXBuildFile; fileRef = 7D20B7E6B2AD8DC7B0236FB6 /* Pods_TodayExtension.framework */; };
		3BAA22CF158DABB78B72AC1A /* Pods_TodaysLunchUITests.framework in Frameworks */ = {isa = PBXBuildFile; fileRef = 766C17CC301F0E66F9B09233 /* Pods_TodaysLunchUITests.framework */; };
		491F3135FCB231A2B2AB3B8D /* Pods_CommonFrameworkTests.framework in Frameworks */ = {isa = PBXBuildFile; fileRef = 7D42BDE4EE37F0C2563767CE /* Pods_CommonFrameworkTests.framework */; };
		4CB9F92B177F9FA178AC8690 /* Pods_TodaysLunch.framework in Frameworks */ = {isa = PBXBuildFile; fileRef = D7366DE2AB2BB13FB010FD62 /* Pods_TodaysLunch.framework */; };
		99340D6F1E1B3BB800EE4370 /* Logger.swift in Sources */ = {isa = PBXBuildFile; fileRef = 99340D6E1E1B3BB800EE4370 /* Logger.swift */; };
		9960BB8E1DE73D640037721F /* CommonFramework.framework in Frameworks */ = {isa = PBXBuildFile; fileRef = 9960BB851DE73D630037721F /* CommonFramework.framework */; };
		9960BB951DE73D640037721F /* CommonFrameworkTests.swift in Sources */ = {isa = PBXBuildFile; fileRef = 9960BB941DE73D640037721F /* CommonFrameworkTests.swift */; };
		9960BB9A1DE73D640037721F /* CommonFramework.framework in Frameworks */ = {isa = PBXBuildFile; fileRef = 9960BB851DE73D630037721F /* CommonFramework.framework */; };
		9960BB9B1DE73D640037721F /* CommonFramework.framework in Embed Frameworks */ = {isa = PBXBuildFile; fileRef = 9960BB851DE73D630037721F /* CommonFramework.framework */; settings = {ATTRIBUTES = (CodeSignOnCopy, RemoveHeadersOnCopy, ); }; };
		9960BBA41DE73DAB0037721F /* Constant.swift in Sources */ = {isa = PBXBuildFile; fileRef = 9960BBA31DE73DAB0037721F /* Constant.swift */; };
		99834111203C8B7000E6ED66 /* MenuManager.swift in Sources */ = {isa = PBXBuildFile; fileRef = 99834110203C8B7000E6ED66 /* MenuManager.swift */; };
		99834115203D822500E6ED66 /* DateUtil.swift in Sources */ = {isa = PBXBuildFile; fileRef = 99834114203D822500E6ED66 /* DateUtil.swift */; };
		999C95F31DC5FDB800112D96 /* AppDelegate.swift in Sources */ = {isa = PBXBuildFile; fileRef = 999C95F21DC5FDB800112D96 /* AppDelegate.swift */; };
		999C95F51DC5FDB800112D96 /* ViewController.swift in Sources */ = {isa = PBXBuildFile; fileRef = 999C95F41DC5FDB800112D96 /* ViewController.swift */; };
		999C95F81DC5FDB800112D96 /* Main.storyboard in Resources */ = {isa = PBXBuildFile; fileRef = 999C95F61DC5FDB800112D96 /* Main.storyboard */; };
		999C95FA1DC5FDB800112D96 /* Assets.xcassets in Resources */ = {isa = PBXBuildFile; fileRef = 999C95F91DC5FDB800112D96 /* Assets.xcassets */; };
		999C95FD1DC5FDB800112D96 /* LaunchScreen.storyboard in Resources */ = {isa = PBXBuildFile; fileRef = 999C95FB1DC5FDB800112D96 /* LaunchScreen.storyboard */; };
		999C96081DC5FDB800112D96 /* TodaysLunchTests.swift in Sources */ = {isa = PBXBuildFile; fileRef = 999C96071DC5FDB800112D96 /* TodaysLunchTests.swift */; };
		999C96131DC5FDB800112D96 /* TodaysLunchUITests.swift in Sources */ = {isa = PBXBuildFile; fileRef = 999C96121DC5FDB800112D96 /* TodaysLunchUITests.swift */; };
		999C96271DC61F1500112D96 /* NotificationCenter.framework in Frameworks */ = {isa = PBXBuildFile; fileRef = 999C96261DC61F1500112D96 /* NotificationCenter.framework */; };
		999C962A1DC61F1500112D96 /* TodayViewController.swift in Sources */ = {isa = PBXBuildFile; fileRef = 999C96291DC61F1500112D96 /* TodayViewController.swift */; };
		999C962D1DC61F1500112D96 /* MainInterface.storyboard in Resources */ = {isa = PBXBuildFile; fileRef = 999C962B1DC61F1500112D96 /* MainInterface.storyboard */; };
		999C96311DC61F1500112D96 /* TodayExtension.appex in Embed App Extensions */ = {isa = PBXBuildFile; fileRef = 999C96241DC61F1500112D96 /* TodayExtension.appex */; settings = {ATTRIBUTES = (RemoveHeadersOnCopy, ); }; };
		99F079711DC77B3900A0913E /* Menu.swift in Sources */ = {isa = PBXBuildFile; fileRef = 99F079701DC77B3900A0913E /* Menu.swift */; };
/* End PBXBuildFile section */

/* Begin PBXContainerItemProxy section */
		995C475E2079F25F0050ADEB /* PBXContainerItemProxy */ = {
			isa = PBXContainerItemProxy;
			containerPortal = 999C95E71DC5FDB800112D96 /* Project object */;
			proxyType = 1;
			remoteGlobalIDString = 9960BB841DE73D630037721F;
			remoteInfo = CommonFramework;
		};
		9960BB8F1DE73D640037721F /* PBXContainerItemProxy */ = {
			isa = PBXContainerItemProxy;
			containerPortal = 999C95E71DC5FDB800112D96 /* Project object */;
			proxyType = 1;
			remoteGlobalIDString = 9960BB841DE73D630037721F;
			remoteInfo = CommonFramework;
		};
		9960BB911DE73D640037721F /* PBXContainerItemProxy */ = {
			isa = PBXContainerItemProxy;
			containerPortal = 999C95E71DC5FDB800112D96 /* Project object */;
			proxyType = 1;
			remoteGlobalIDString = 999C95EE1DC5FDB800112D96;
			remoteInfo = TodaysLunch;
		};
		9960BB981DE73D640037721F /* PBXContainerItemProxy */ = {
			isa = PBXContainerItemProxy;
			containerPortal = 999C95E71DC5FDB800112D96 /* Project object */;
			proxyType = 1;
			remoteGlobalIDString = 9960BB841DE73D630037721F;
			remoteInfo = CommonFramework;
		};
		999C96041DC5FDB800112D96 /* PBXContainerItemProxy */ = {
			isa = PBXContainerItemProxy;
			containerPortal = 999C95E71DC5FDB800112D96 /* Project object */;
			proxyType = 1;
			remoteGlobalIDString = 999C95EE1DC5FDB800112D96;
			remoteInfo = TodaysLunch;
		};
		999C960F1DC5FDB800112D96 /* PBXContainerItemProxy */ = {
			isa = PBXContainerItemProxy;
			containerPortal = 999C95E71DC5FDB800112D96 /* Project object */;
			proxyType = 1;
			remoteGlobalIDString = 999C95EE1DC5FDB800112D96;
			remoteInfo = TodaysLunch;
		};
		999C962F1DC61F1500112D96 /* PBXContainerItemProxy */ = {
			isa = PBXContainerItemProxy;
			containerPortal = 999C95E71DC5FDB800112D96 /* Project object */;
			proxyType = 1;
			remoteGlobalIDString = 999C96231DC61F1500112D96;
			remoteInfo = TodayExtension;
		};
/* End PBXContainerItemProxy section */

/* Begin PBXCopyFilesBuildPhase section */
		9960BBA11DE73D640037721F /* Embed Frameworks */ = {
			isa = PBXCopyFilesBuildPhase;
			buildActionMask = 2147483647;
			dstPath = "";
			dstSubfolderSpec = 10;
			files = (
				9960BB9B1DE73D640037721F /* CommonFramework.framework in Embed Frameworks */,
			);
			name = "Embed Frameworks";
			runOnlyForDeploymentPostprocessing = 0;
		};
		999C96351DC61F1500112D96 /* Embed App Extensions */ = {
			isa = PBXCopyFilesBuildPhase;
			buildActionMask = 2147483647;
			dstPath = "";
			dstSubfolderSpec = 13;
			files = (
				999C96311DC61F1500112D96 /* TodayExtension.appex in Embed App Extensions */,
			);
			name = "Embed App Extensions";
			runOnlyForDeploymentPostprocessing = 0;
		};
/* End PBXCopyFilesBuildPhase section */

/* Begin PBXFileReference section */
		0630BC39F9769259835E8399 /* Pods-TodaysLunchUITests.release.xcconfig */ = {isa = PBXFileReference; includeInIndex = 1; lastKnownFileType = text.xcconfig; name = "Pods-TodaysLunchUITests.release.xcconfig"; path = "Pods/Target Support Files/Pods-TodaysLunchUITests/Pods-TodaysLunchUITests.release.xcconfig"; sourceTree = "<group>"; };
		069C6DC867C83360C8475275 /* Pods-CommonFramework.debug.xcconfig */ = {isa = PBXFileReference; includeInIndex = 1; lastKnownFileType = text.xcconfig; name = "Pods-CommonFramework.debug.xcconfig"; path = "Pods/Target Support Files/Pods-CommonFramework/Pods-CommonFramework.debug.xcconfig"; sourceTree = "<group>"; };
		197A2852A827DA241C9EC2B0 /* Pods_TodaysLunchTests.framework */ = {isa = PBXFileReference; explicitFileType = wrapper.framework; includeInIndex = 0; path = Pods_TodaysLunchTests.framework; sourceTree = BUILT_PRODUCTS_DIR; };
		1EC8F43328F00F19B04ACCE4 /* Pods-TodayExtension.release.xcconfig */ = {isa = PBXFileReference; includeInIndex = 1; lastKnownFileType = text.xcconfig; name = "Pods-TodayExtension.release.xcconfig"; path = "Pods/Target Support Files/Pods-TodayExtension/Pods-TodayExtension.release.xcconfig"; sourceTree = "<group>"; };
		2EBB03E98CF0C58FE35EBCDC /* Pods-CommonFramework.release.xcconfig */ = {isa = PBXFileReference; includeInIndex = 1; lastKnownFileType = text.xcconfig; name = "Pods-CommonFramework.release.xcconfig"; path = "Pods/Target Support Files/Pods-CommonFramework/Pods-CommonFramework.release.xcconfig"; sourceTree = "<group>"; };
		4C8D5DE259A0DEC3A78A5456 /* Pods-CommonFrameworkTests.release.xcconfig */ = {isa = PBXFileReference; includeInIndex = 1; lastKnownFileType = text.xcconfig; name = "Pods-CommonFrameworkTests.release.xcconfig"; path = "Pods/Target Support Files/Pods-CommonFrameworkTests/Pods-CommonFrameworkTests.release.xcconfig"; sourceTree = "<group>"; };
		51AB2A8190EDF442FD86A47F /* Pods-TodaysLunchTests.release.xcconfig */ = {isa = PBXFileReference; includeInIndex = 1; lastKnownFileType = text.xcconfig; name = "Pods-TodaysLunchTests.release.xcconfig"; path = "Pods/Target Support Files/Pods-TodaysLunchTests/Pods-TodaysLunchTests.release.xcconfig"; sourceTree = "<group>"; };
		62C30CACCF89ABFF2EAF65F7 /* Pods-CommonFrameworkTests.debug.xcconfig */ = {isa = PBXFileReference; includeInIndex = 1; lastKnownFileType = text.xcconfig; name = "Pods-CommonFrameworkTests.debug.xcconfig"; path = "Pods/Target Support Files/Pods-CommonFrameworkTests/Pods-CommonFrameworkTests.debug.xcconfig"; sourceTree = "<group>"; };
		67112213743698294364A8DB /* Pods-TodaysLunchUITests.debug.xcconfig */ = {isa = PBXFileReference; includeInIndex = 1; lastKnownFileType = text.xcconfig; name = "Pods-TodaysLunchUITests.debug.xcconfig"; path = "Pods/Target Support Files/Pods-TodaysLunchUITests/Pods-TodaysLunchUITests.debug.xcconfig"; sourceTree = "<group>"; };
		766C17CC301F0E66F9B09233 /* Pods_TodaysLunchUITests.framework */ = {isa = PBXFileReference; explicitFileType = wrapper.framework; includeInIndex = 0; path = Pods_TodaysLunchUITests.framework; sourceTree = BUILT_PRODUCTS_DIR; };
		7D20B7E6B2AD8DC7B0236FB6 /* Pods_TodayExtension.framework */ = {isa = PBXFileReference; explicitFileType = wrapper.framework; includeInIndex = 0; path = Pods_TodayExtension.framework; sourceTree = BUILT_PRODUCTS_DIR; };
		7D42BDE4EE37F0C2563767CE /* Pods_CommonFrameworkTests.framework */ = {isa = PBXFileReference; explicitFileType = wrapper.framework; includeInIndex = 0; path = Pods_CommonFrameworkTests.framework; sourceTree = BUILT_PRODUCTS_DIR; };
		9855ED91F2FD8768BED5EC54 /* Pods-TodaysLunch.debug.xcconfig */ = {isa = PBXFileReference; includeInIndex = 1; lastKnownFileType = text.xcconfig; name = "Pods-TodaysLunch.debug.xcconfig"; path = "Pods/Target Support Files/Pods-TodaysLunch/Pods-TodaysLunch.debug.xcconfig"; sourceTree = "<group>"; };
		99340D6E1E1B3BB800EE4370 /* Logger.swift */ = {isa = PBXFileReference; fileEncoding = 4; lastKnownFileType = sourcecode.swift; path = Logger.swift; sourceTree = "<group>"; };
		9960BB851DE73D630037721F /* CommonFramework.framework */ = {isa = PBXFileReference; explicitFileType = wrapper.framework; includeInIndex = 0; path = CommonFramework.framework; sourceTree = BUILT_PRODUCTS_DIR; };
		9960BB881DE73D630037721F /* Info.plist */ = {isa = PBXFileReference; lastKnownFileType = text.plist.xml; path = Info.plist; sourceTree = "<group>"; };
		9960BB8D1DE73D640037721F /* CommonFrameworkTests.xctest */ = {isa = PBXFileReference; explicitFileType = wrapper.cfbundle; includeInIndex = 0; path = CommonFrameworkTests.xctest; sourceTree = BUILT_PRODUCTS_DIR; };
		9960BB941DE73D640037721F /* CommonFrameworkTests.swift */ = {isa = PBXFileReference; lastKnownFileType = sourcecode.swift; path = CommonFrameworkTests.swift; sourceTree = "<group>"; };
		9960BB961DE73D640037721F /* Info.plist */ = {isa = PBXFileReference; lastKnownFileType = text.plist.xml; path = Info.plist; sourceTree = "<group>"; };
		9960BBA31DE73DAB0037721F /* Constant.swift */ = {isa = PBXFileReference; fileEncoding = 4; lastKnownFileType = sourcecode.swift; path = Constant.swift; sourceTree = "<group>"; };
		99834110203C8B7000E6ED66 /* MenuManager.swift */ = {isa = PBXFileReference; lastKnownFileType = sourcecode.swift; path = MenuManager.swift; sourceTree = "<group>"; };
		99834114203D822500E6ED66 /* DateUtil.swift */ = {isa = PBXFileReference; lastKnownFileType = sourcecode.swift; path = DateUtil.swift; sourceTree = "<group>"; };
		999C95EF1DC5FDB800112D96 /* TodaysLunch.app */ = {isa = PBXFileReference; explicitFileType = wrapper.application; includeInIndex = 0; path = TodaysLunch.app; sourceTree = BUILT_PRODUCTS_DIR; };
		999C95F21DC5FDB800112D96 /* AppDelegate.swift */ = {isa = PBXFileReference; lastKnownFileType = sourcecode.swift; path = AppDelegate.swift; sourceTree = "<group>"; };
		999C95F41DC5FDB800112D96 /* ViewController.swift */ = {isa = PBXFileReference; lastKnownFileType = sourcecode.swift; path = ViewController.swift; sourceTree = "<group>"; };
		999C95F71DC5FDB800112D96 /* Base */ = {isa = PBXFileReference; lastKnownFileType = file.storyboard; name = Base; path = Base.lproj/Main.storyboard; sourceTree = "<group>"; };
		999C95F91DC5FDB800112D96 /* Assets.xcassets */ = {isa = PBXFileReference; lastKnownFileType = folder.assetcatalog; path = Assets.xcassets; sourceTree = "<group>"; };
		999C95FC1DC5FDB800112D96 /* Base */ = {isa = PBXFileReference; lastKnownFileType = file.storyboard; name = Base; path = Base.lproj/LaunchScreen.storyboard; sourceTree = "<group>"; };
		999C95FE1DC5FDB800112D96 /* Info.plist */ = {isa = PBXFileReference; lastKnownFileType = text.plist.xml; path = Info.plist; sourceTree = "<group>"; };
		999C96031DC5FDB800112D96 /* TodaysLunchTests.xctest */ = {isa = PBXFileReference; explicitFileType = wrapper.cfbundle; includeInIndex = 0; path = TodaysLunchTests.xctest; sourceTree = BUILT_PRODUCTS_DIR; };
		999C96071DC5FDB800112D96 /* TodaysLunchTests.swift */ = {isa = PBXFileReference; lastKnownFileType = sourcecode.swift; path = TodaysLunchTests.swift; sourceTree = "<group>"; };
		999C96091DC5FDB800112D96 /* Info.plist */ = {isa = PBXFileReference; lastKnownFileType = text.plist.xml; path = Info.plist; sourceTree = "<group>"; };
		999C960E1DC5FDB800112D96 /* TodaysLunchUITests.xctest */ = {isa = PBXFileReference; explicitFileType = wrapper.cfbundle; includeInIndex = 0; path = TodaysLunchUITests.xctest; sourceTree = BUILT_PRODUCTS_DIR; };
		999C96121DC5FDB800112D96 /* TodaysLunchUITests.swift */ = {isa = PBXFileReference; lastKnownFileType = sourcecode.swift; path = TodaysLunchUITests.swift; sourceTree = "<group>"; };
		999C96141DC5FDB800112D96 /* Info.plist */ = {isa = PBXFileReference; lastKnownFileType = text.plist.xml; path = Info.plist; sourceTree = "<group>"; };
		999C96241DC61F1500112D96 /* TodayExtension.appex */ = {isa = PBXFileReference; explicitFileType = "wrapper.app-extension"; includeInIndex = 0; path = TodayExtension.appex; sourceTree = BUILT_PRODUCTS_DIR; };
		999C96261DC61F1500112D96 /* NotificationCenter.framework */ = {isa = PBXFileReference; lastKnownFileType = wrapper.framework; name = NotificationCenter.framework; path = System/Library/Frameworks/NotificationCenter.framework; sourceTree = SDKROOT; };
		999C96291DC61F1500112D96 /* TodayViewController.swift */ = {isa = PBXFileReference; lastKnownFileType = sourcecode.swift; path = TodayViewController.swift; sourceTree = "<group>"; };
		999C962C1DC61F1500112D96 /* Base */ = {isa = PBXFileReference; lastKnownFileType = file.storyboard; name = Base; path = Base.lproj/MainInterface.storyboard; sourceTree = "<group>"; };
		999C962E1DC61F1500112D96 /* Info.plist */ = {isa = PBXFileReference; lastKnownFileType = text.plist.xml; path = Info.plist; sourceTree = "<group>"; };
		99AB20611DD6AE3D00F17BA5 /* TodayExtension.entitlements */ = {isa = PBXFileReference; lastKnownFileType = text.plist.entitlements; path = TodayExtension.entitlements; sourceTree = "<group>"; };
		99AB20621DD6AE4D00F17BA5 /* TodaysLunch.entitlements */ = {isa = PBXFileReference; lastKnownFileType = text.plist.entitlements; path = TodaysLunch.entitlements; sourceTree = "<group>"; };
		99F079701DC77B3900A0913E /* Menu.swift */ = {isa = PBXFileReference; fileEncoding = 4; lastKnownFileType = sourcecode.swift; path = Menu.swift; sourceTree = "<group>"; };
		A8E7E93441AD34F2ACC83E25 /* Pods-TodaysLunch.release.xcconfig */ = {isa = PBXFileReference; includeInIndex = 1; lastKnownFileType = text.xcconfig; name = "Pods-TodaysLunch.release.xcconfig"; path = "Pods/Target Support Files/Pods-TodaysLunch/Pods-TodaysLunch.release.xcconfig"; sourceTree = "<group>"; };
		C85A0BCFF1F65C388CEAA3C5 /* Pods_CommonFramework.framework */ = {isa = PBXFileReference; explicitFileType = wrapper.framework; includeInIndex = 0; path = Pods_CommonFramework.framework; sourceTree = BUILT_PRODUCTS_DIR; };
		D48A02D43D03ADC76F320829 /* Pods-TodayExtension.debug.xcconfig */ = {isa = PBXFileReference; includeInIndex = 1; lastKnownFileType = text.xcconfig; name = "Pods-TodayExtension.debug.xcconfig"; path = "Pods/Target Support Files/Pods-TodayExtension/Pods-TodayExtension.debug.xcconfig"; sourceTree = "<group>"; };
		D7366DE2AB2BB13FB010FD62 /* Pods_TodaysLunch.framework */ = {isa = PBXFileReference; explicitFileType = wrapper.framework; includeInIndex = 0; path = Pods_TodaysLunch.framework; sourceTree = BUILT_PRODUCTS_DIR; };
		EFE32BF62488404DEF6BAA48 /* Pods-TodaysLunchTests.debug.xcconfig */ = {isa = PBXFileReference; includeInIndex = 1; lastKnownFileType = text.xcconfig; name = "Pods-TodaysLunchTests.debug.xcconfig"; path = "Pods/Target Support Files/Pods-TodaysLunchTests/Pods-TodaysLunchTests.debug.xcconfig"; sourceTree = "<group>"; };
/* End PBXFileReference section */

/* Begin PBXFrameworksBuildPhase section */
		9960BB811DE73D630037721F /* Frameworks */ = {
			isa = PBXFrameworksBuildPhase;
			buildActionMask = 2147483647;
			files = (
				116FAAA5C5735383206C04EA /* Pods_CommonFramework.framework in Frameworks */,
			);
			runOnlyForDeploymentPostprocessing = 0;
		};
		9960BB8A1DE73D640037721F /* Frameworks */ = {
			isa = PBXFrameworksBuildPhase;
			buildActionMask = 2147483647;
			files = (
				9960BB8E1DE73D640037721F /* CommonFramework.framework in Frameworks */,
				491F3135FCB231A2B2AB3B8D /* Pods_CommonFrameworkTests.framework in Frameworks */,
			);
			runOnlyForDeploymentPostprocessing = 0;
		};
		999C95EC1DC5FDB800112D96 /* Frameworks */ = {
			isa = PBXFrameworksBuildPhase;
			buildActionMask = 2147483647;
			files = (
				9960BB9A1DE73D640037721F /* CommonFramework.framework in Frameworks */,
				4CB9F92B177F9FA178AC8690 /* Pods_TodaysLunch.framework in Frameworks */,
			);
			runOnlyForDeploymentPostprocessing = 0;
		};
		999C96001DC5FDB800112D96 /* Frameworks */ = {
			isa = PBXFrameworksBuildPhase;
			buildActionMask = 2147483647;
			files = (
				26AD8F640F76318472D6D3AC /* Pods_TodaysLunchTests.framework in Frameworks */,
			);
			runOnlyForDeploymentPostprocessing = 0;
		};
		999C960B1DC5FDB800112D96 /* Frameworks */ = {
			isa = PBXFrameworksBuildPhase;
			buildActionMask = 2147483647;
			files = (
				3BAA22CF158DABB78B72AC1A /* Pods_TodaysLunchUITests.framework in Frameworks */,
			);
			runOnlyForDeploymentPostprocessing = 0;
		};
		999C96211DC61F1500112D96 /* Frameworks */ = {
			isa = PBXFrameworksBuildPhase;
			buildActionMask = 2147483647;
			files = (
				999C96271DC61F1500112D96 /* NotificationCenter.framework in Frameworks */,
				39E49D45FA432E67ACD1ACED /* Pods_TodayExtension.framework in Frameworks */,
			);
			runOnlyForDeploymentPostprocessing = 0;
		};
/* End PBXFrameworksBuildPhase section */

/* Begin PBXGroup section */
		5AFC233BCFC7055B2D66CFD3 /* Pods */ = {
			isa = PBXGroup;
			children = (
				D48A02D43D03ADC76F320829 /* Pods-TodayExtension.debug.xcconfig */,
				1EC8F43328F00F19B04ACCE4 /* Pods-TodayExtension.release.xcconfig */,
				9855ED91F2FD8768BED5EC54 /* Pods-TodaysLunch.debug.xcconfig */,
				A8E7E93441AD34F2ACC83E25 /* Pods-TodaysLunch.release.xcconfig */,
				EFE32BF62488404DEF6BAA48 /* Pods-TodaysLunchTests.debug.xcconfig */,
				51AB2A8190EDF442FD86A47F /* Pods-TodaysLunchTests.release.xcconfig */,
				67112213743698294364A8DB /* Pods-TodaysLunchUITests.debug.xcconfig */,
				0630BC39F9769259835E8399 /* Pods-TodaysLunchUITests.release.xcconfig */,
				069C6DC867C83360C8475275 /* Pods-CommonFramework.debug.xcconfig */,
				2EBB03E98CF0C58FE35EBCDC /* Pods-CommonFramework.release.xcconfig */,
				62C30CACCF89ABFF2EAF65F7 /* Pods-CommonFrameworkTests.debug.xcconfig */,
				4C8D5DE259A0DEC3A78A5456 /* Pods-CommonFrameworkTests.release.xcconfig */,
			);
			name = Pods;
			sourceTree = "<group>";
		};
		9960BB861DE73D630037721F /* CommonFramework */ = {
			isa = PBXGroup;
			children = (
				99340D6E1E1B3BB800EE4370 /* Logger.swift */,
				9960BB881DE73D630037721F /* Info.plist */,
				9960BBA31DE73DAB0037721F /* Constant.swift */,
				99834114203D822500E6ED66 /* DateUtil.swift */,
			);
			path = CommonFramework;
			sourceTree = "<group>";
		};
		9960BB931DE73D640037721F /* CommonFrameworkTests */ = {
			isa = PBXGroup;
			children = (
				9960BB941DE73D640037721F /* CommonFrameworkTests.swift */,
				9960BB961DE73D640037721F /* Info.plist */,
			);
			path = CommonFrameworkTests;
			sourceTree = "<group>";
		};
		999C95E61DC5FDB800112D96 = {
			isa = PBXGroup;
			children = (
				999C95F11DC5FDB800112D96 /* TodaysLunch */,
				999C96061DC5FDB800112D96 /* TodaysLunchTests */,
				999C96111DC5FDB800112D96 /* TodaysLunchUITests */,
				999C96281DC61F1500112D96 /* TodayExtension */,
				9960BB861DE73D630037721F /* CommonFramework */,
				9960BB931DE73D640037721F /* CommonFrameworkTests */,
				999C96251DC61F1500112D96 /* Frameworks */,
				999C95F01DC5FDB800112D96 /* Products */,
				5AFC233BCFC7055B2D66CFD3 /* Pods */,
			);
			sourceTree = "<group>";
		};
		999C95F01DC5FDB800112D96 /* Products */ = {
			isa = PBXGroup;
			children = (
				999C95EF1DC5FDB800112D96 /* TodaysLunch.app */,
				999C96031DC5FDB800112D96 /* TodaysLunchTests.xctest */,
				999C960E1DC5FDB800112D96 /* TodaysLunchUITests.xctest */,
				999C96241DC61F1500112D96 /* TodayExtension.appex */,
				9960BB851DE73D630037721F /* CommonFramework.framework */,
				9960BB8D1DE73D640037721F /* CommonFrameworkTests.xctest */,
			);
			name = Products;
			sourceTree = "<group>";
		};
		999C95F11DC5FDB800112D96 /* TodaysLunch */ = {
			isa = PBXGroup;
			children = (
				99AB20621DD6AE4D00F17BA5 /* TodaysLunch.entitlements */,
				999C95F21DC5FDB800112D96 /* AppDelegate.swift */,
				999C95F41DC5FDB800112D96 /* ViewController.swift */,
				999C95F61DC5FDB800112D96 /* Main.storyboard */,
				999C95F91DC5FDB800112D96 /* Assets.xcassets */,
				999C95FB1DC5FDB800112D96 /* LaunchScreen.storyboard */,
				999C95FE1DC5FDB800112D96 /* Info.plist */,
			);
			path = TodaysLunch;
			sourceTree = "<group>";
		};
		999C96061DC5FDB800112D96 /* TodaysLunchTests */ = {
			isa = PBXGroup;
			children = (
				999C96071DC5FDB800112D96 /* TodaysLunchTests.swift */,
				999C96091DC5FDB800112D96 /* Info.plist */,
			);
			path = TodaysLunchTests;
			sourceTree = "<group>";
		};
		999C96111DC5FDB800112D96 /* TodaysLunchUITests */ = {
			isa = PBXGroup;
			children = (
				999C96121DC5FDB800112D96 /* TodaysLunchUITests.swift */,
				999C96141DC5FDB800112D96 /* Info.plist */,
			);
			path = TodaysLunchUITests;
			sourceTree = "<group>";
		};
		999C96251DC61F1500112D96 /* Frameworks */ = {
			isa = PBXGroup;
			children = (
				999C96261DC61F1500112D96 /* NotificationCenter.framework */,
				7D20B7E6B2AD8DC7B0236FB6 /* Pods_TodayExtension.framework */,
				D7366DE2AB2BB13FB010FD62 /* Pods_TodaysLunch.framework */,
				197A2852A827DA241C9EC2B0 /* Pods_TodaysLunchTests.framework */,
				766C17CC301F0E66F9B09233 /* Pods_TodaysLunchUITests.framework */,
				C85A0BCFF1F65C388CEAA3C5 /* Pods_CommonFramework.framework */,
				7D42BDE4EE37F0C2563767CE /* Pods_CommonFrameworkTests.framework */,
			);
			name = Frameworks;
			sourceTree = "<group>";
		};
		999C96281DC61F1500112D96 /* TodayExtension */ = {
			isa = PBXGroup;
			children = (
				99AB20611DD6AE3D00F17BA5 /* TodayExtension.entitlements */,
				999C96291DC61F1500112D96 /* TodayViewController.swift */,
				99F079701DC77B3900A0913E /* Menu.swift */,
				99834110203C8B7000E6ED66 /* MenuManager.swift */,
				999C962B1DC61F1500112D96 /* MainInterface.storyboard */,
				999C962E1DC61F1500112D96 /* Info.plist */,
			);
			path = TodayExtension;
			sourceTree = "<group>";
		};
/* End PBXGroup section */

/* Begin PBXHeadersBuildPhase section */
		9960BB821DE73D630037721F /* Headers */ = {
			isa = PBXHeadersBuildPhase;
			buildActionMask = 2147483647;
			files = (
			);
			runOnlyForDeploymentPostprocessing = 0;
		};
/* End PBXHeadersBuildPhase section */

/* Begin PBXNativeTarget section */
		9960BB841DE73D630037721F /* CommonFramework */ = {
			isa = PBXNativeTarget;
			buildConfigurationList = 9960BBA01DE73D640037721F /* Build configuration list for PBXNativeTarget "CommonFramework" */;
			buildPhases = (
				56B918862F3721881B6D2F0E /* [CP] Check Pods Manifest.lock */,
				9960BB801DE73D630037721F /* Sources */,
				9960BB811DE73D630037721F /* Frameworks */,
				9960BB821DE73D630037721F /* Headers */,
				9960BB831DE73D630037721F /* Resources */,
				998303BA77247D8ED4AF5948 /* [CP] Copy Pods Resources */,
			);
			buildRules = (
			);
			dependencies = (
			);
			name = CommonFramework;
			productName = CommonFramework;
			productReference = 9960BB851DE73D630037721F /* CommonFramework.framework */;
			productType = "com.apple.product-type.framework";
		};
		9960BB8C1DE73D640037721F /* CommonFrameworkTests */ = {
			isa = PBXNativeTarget;
			buildConfigurationList = 9960BBA21DE73D640037721F /* Build configuration list for PBXNativeTarget "CommonFrameworkTests" */;
			buildPhases = (
				B50A0164E66989F50D438199 /* [CP] Check Pods Manifest.lock */,
				9960BB891DE73D640037721F /* Sources */,
				9960BB8A1DE73D640037721F /* Frameworks */,
				9960BB8B1DE73D640037721F /* Resources */,
				9C2AC650CB6AD7C1BA4D5D76 /* [CP] Embed Pods Frameworks */,
				809939C770DC749F6193612E /* [CP] Copy Pods Resources */,
			);
			buildRules = (
			);
			dependencies = (
				9960BB901DE73D640037721F /* PBXTargetDependency */,
				9960BB921DE73D640037721F /* PBXTargetDependency */,
			);
			name = CommonFrameworkTests;
			productName = CommonFrameworkTests;
			productReference = 9960BB8D1DE73D640037721F /* CommonFrameworkTests.xctest */;
			productType = "com.apple.product-type.bundle.unit-test";
		};
		999C95EE1DC5FDB800112D96 /* TodaysLunch */ = {
			isa = PBXNativeTarget;
			buildConfigurationList = 999C96171DC5FDB800112D96 /* Build configuration list for PBXNativeTarget "TodaysLunch" */;
			buildPhases = (
				87001A724D61405B51196A7B /* [CP] Check Pods Manifest.lock */,
				999C95EB1DC5FDB800112D96 /* Sources */,
				999C95EC1DC5FDB800112D96 /* Frameworks */,
				999C95ED1DC5FDB800112D96 /* Resources */,
				999C96351DC61F1500112D96 /* Embed App Extensions */,
				5B81DBB270EDE0769F287129 /* [CP] Embed Pods Frameworks */,
				A0D930DFD6DB3B29449A6EFE /* [CP] Copy Pods Resources */,
				9960BBA11DE73D640037721F /* Embed Frameworks */,
			);
			buildRules = (
			);
			dependencies = (
				999C96301DC61F1500112D96 /* PBXTargetDependency */,
				9960BB991DE73D640037721F /* PBXTargetDependency */,
			);
			name = TodaysLunch;
			productName = TodaysLunch;
			productReference = 999C95EF1DC5FDB800112D96 /* TodaysLunch.app */;
			productType = "com.apple.product-type.application";
		};
		999C96021DC5FDB800112D96 /* TodaysLunchTests */ = {
			isa = PBXNativeTarget;
			buildConfigurationList = 999C961A1DC5FDB800112D96 /* Build configuration list for PBXNativeTarget "TodaysLunchTests" */;
			buildPhases = (
				F33860BE9F15B2522BB4264D /* [CP] Check Pods Manifest.lock */,
				999C95FF1DC5FDB800112D96 /* Sources */,
				999C96001DC5FDB800112D96 /* Frameworks */,
				999C96011DC5FDB800112D96 /* Resources */,
				14770D8FEF65F7850C870585 /* [CP] Embed Pods Frameworks */,
				AEC361E33FE4A929DAEB777D /* [CP] Copy Pods Resources */,
			);
			buildRules = (
			);
			dependencies = (
				999C96051DC5FDB800112D96 /* PBXTargetDependency */,
			);
			name = TodaysLunchTests;
			productName = TodaysLunchTests;
			productReference = 999C96031DC5FDB800112D96 /* TodaysLunchTests.xctest */;
			productType = "com.apple.product-type.bundle.unit-test";
		};
		999C960D1DC5FDB800112D96 /* TodaysLunchUITests */ = {
			isa = PBXNativeTarget;
			buildConfigurationList = 999C961D1DC5FDB800112D96 /* Build configuration list for PBXNativeTarget "TodaysLunchUITests" */;
			buildPhases = (
				85A6E43FAC527E9F2ADA4660 /* [CP] Check Pods Manifest.lock */,
				999C960A1DC5FDB800112D96 /* Sources */,
				999C960B1DC5FDB800112D96 /* Frameworks */,
				999C960C1DC5FDB800112D96 /* Resources */,
				B9D535D71863CA056AC28509 /* [CP] Embed Pods Frameworks */,
				069169CC55D9E402CF621538 /* [CP] Copy Pods Resources */,
			);
			buildRules = (
			);
			dependencies = (
				999C96101DC5FDB800112D96 /* PBXTargetDependency */,
			);
			name = TodaysLunchUITests;
			productName = TodaysLunchUITests;
			productReference = 999C960E1DC5FDB800112D96 /* TodaysLunchUITests.xctest */;
			productType = "com.apple.product-type.bundle.ui-testing";
		};
		999C96231DC61F1500112D96 /* TodayExtension */ = {
			isa = PBXNativeTarget;
			buildConfigurationList = 999C96341DC61F1500112D96 /* Build configuration list for PBXNativeTarget "TodayExtension" */;
			buildPhases = (
				E65E5B23B5D4F88777D5023E /* [CP] Check Pods Manifest.lock */,
				999C96201DC61F1500112D96 /* Sources */,
				999C96211DC61F1500112D96 /* Frameworks */,
				999C96221DC61F1500112D96 /* Resources */,
				933721A8CFF182965F533E24 /* [CP] Copy Pods Resources */,
				99E916081F127A3E00248919 /* ShellScript */,
			);
			buildRules = (
			);
			dependencies = (
				995C475F2079F25F0050ADEB /* PBXTargetDependency */,
			);
			name = TodayExtension;
			productName = TodayExtension;
			productReference = 999C96241DC61F1500112D96 /* TodayExtension.appex */;
			productType = "com.apple.product-type.app-extension";
		};
/* End PBXNativeTarget section */

/* Begin PBXProject section */
		999C95E71DC5FDB800112D96 /* Project object */ = {
			isa = PBXProject;
			attributes = {
				LastSwiftUpdateCheck = 0810;
				LastUpgradeCheck = 0930;
				ORGANIZATIONNAME = oxiden;
				TargetAttributes = {
					9960BB841DE73D630037721F = {
						CreatedOnToolsVersion = 8.1;
						LastSwiftMigration = 0900;
						ProvisioningStyle = Automatic;
					};
					9960BB8C1DE73D640037721F = {
						CreatedOnToolsVersion = 8.1;
						ProvisioningStyle = Automatic;
						TestTargetID = 999C95EE1DC5FDB800112D96;
					};
					999C95EE1DC5FDB800112D96 = {
						CreatedOnToolsVersion = 8.1;
						DevelopmentTeam = HC8X5L458K;
						LastSwiftMigration = 0900;
						ProvisioningStyle = Automatic;
						SystemCapabilities = {
							com.apple.ApplicationGroups.iOS = {
								enabled = 1;
							};
						};
					};
					999C96021DC5FDB800112D96 = {
						CreatedOnToolsVersion = 8.1;
						DevelopmentTeam = HC8X5L458K;
						ProvisioningStyle = Automatic;
						TestTargetID = 999C95EE1DC5FDB800112D96;
					};
					999C960D1DC5FDB800112D96 = {
						CreatedOnToolsVersion = 8.1;
						DevelopmentTeam = HC8X5L458K;
						ProvisioningStyle = Automatic;
						TestTargetID = 999C95EE1DC5FDB800112D96;
					};
					999C96231DC61F1500112D96 = {
						CreatedOnToolsVersion = 8.1;
						DevelopmentTeam = HC8X5L458K;
						LastSwiftMigration = 0900;
						ProvisioningStyle = Automatic;
						SystemCapabilities = {
							com.apple.ApplicationGroups.iOS = {
								enabled = 1;
							};
						};
					};
				};
			};
			buildConfigurationList = 999C95EA1DC5FDB800112D96 /* Build configuration list for PBXProject "TodaysLunch" */;
			compatibilityVersion = "Xcode 8.0";
			developmentRegion = English;
			hasScannedForEncodings = 0;
			knownRegions = (
				en,
				Base,
			);
			mainGroup = 999C95E61DC5FDB800112D96;
			productRefGroup = 999C95F01DC5FDB800112D96 /* Products */;
			projectDirPath = "";
			projectRoot = "";
			targets = (
				999C95EE1DC5FDB800112D96 /* TodaysLunch */,
				999C96021DC5FDB800112D96 /* TodaysLunchTests */,
				999C960D1DC5FDB800112D96 /* TodaysLunchUITests */,
				999C96231DC61F1500112D96 /* TodayExtension */,
				9960BB841DE73D630037721F /* CommonFramework */,
				9960BB8C1DE73D640037721F /* CommonFrameworkTests */,
			);
		};
/* End PBXProject section */

/* Begin PBXResourcesBuildPhase section */
		9960BB831DE73D630037721F /* Resources */ = {
			isa = PBXResourcesBuildPhase;
			buildActionMask = 2147483647;
			files = (
			);
			runOnlyForDeploymentPostprocessing = 0;
		};
		9960BB8B1DE73D640037721F /* Resources */ = {
			isa = PBXResourcesBuildPhase;
			buildActionMask = 2147483647;
			files = (
			);
			runOnlyForDeploymentPostprocessing = 0;
		};
		999C95ED1DC5FDB800112D96 /* Resources */ = {
			isa = PBXResourcesBuildPhase;
			buildActionMask = 2147483647;
			files = (
				999C95FD1DC5FDB800112D96 /* LaunchScreen.storyboard in Resources */,
				999C95FA1DC5FDB800112D96 /* Assets.xcassets in Resources */,
				999C95F81DC5FDB800112D96 /* Main.storyboard in Resources */,
			);
			runOnlyForDeploymentPostprocessing = 0;
		};
		999C96011DC5FDB800112D96 /* Resources */ = {
			isa = PBXResourcesBuildPhase;
			buildActionMask = 2147483647;
			files = (
			);
			runOnlyForDeploymentPostprocessing = 0;
		};
		999C960C1DC5FDB800112D96 /* Resources */ = {
			isa = PBXResourcesBuildPhase;
			buildActionMask = 2147483647;
			files = (
			);
			runOnlyForDeploymentPostprocessing = 0;
		};
		999C96221DC61F1500112D96 /* Resources */ = {
			isa = PBXResourcesBuildPhase;
			buildActionMask = 2147483647;
			files = (
				999C962D1DC61F1500112D96 /* MainInterface.storyboard in Resources */,
			);
			runOnlyForDeploymentPostprocessing = 0;
		};
/* End PBXResourcesBuildPhase section */

/* Begin PBXShellScriptBuildPhase section */
		069169CC55D9E402CF621538 /* [CP] Copy Pods Resources */ = {
			isa = PBXShellScriptBuildPhase;
			buildActionMask = 2147483647;
			files = (
			);
			inputPaths = (
			);
			name = "[CP] Copy Pods Resources";
			outputPaths = (
			);
			runOnlyForDeploymentPostprocessing = 0;
			shellPath = /bin/sh;
			shellScript = "\"${SRCROOT}/Pods/Target Support Files/Pods-TodaysLunchUITests/Pods-TodaysLunchUITests-resources.sh\"\n";
			showEnvVarsInLog = 0;
		};
		14770D8FEF65F7850C870585 /* [CP] Embed Pods Frameworks */ = {
			isa = PBXShellScriptBuildPhase;
			buildActionMask = 2147483647;
			files = (
			);
			inputPaths = (
			);
			name = "[CP] Embed Pods Frameworks";
			outputPaths = (
			);
			runOnlyForDeploymentPostprocessing = 0;
			shellPath = /bin/sh;
			shellScript = "\"${SRCROOT}/Pods/Target Support Files/Pods-TodaysLunchTests/Pods-TodaysLunchTests-frameworks.sh\"\n";
			showEnvVarsInLog = 0;
		};
		56B918862F3721881B6D2F0E /* [CP] Check Pods Manifest.lock */ = {
			isa = PBXShellScriptBuildPhase;
			buildActionMask = 2147483647;
			files = (
			);
			inputPaths = (
			);
			name = "[CP] Check Pods Manifest.lock";
			outputPaths = (
			);
			runOnlyForDeploymentPostprocessing = 0;
			shellPath = /bin/sh;
			shellScript = "diff \"${PODS_ROOT}/../Podfile.lock\" \"${PODS_ROOT}/Manifest.lock\" > /dev/null\nif [ $? != 0 ] ; then\n    # print error to STDERR\n    echo \"error: The sandbox is not in sync with the Podfile.lock. Run 'pod install' or update your CocoaPods installation.\" >&2\n    exit 1\nfi\n";
			showEnvVarsInLog = 0;
		};
		5B81DBB270EDE0769F287129 /* [CP] Embed Pods Frameworks */ = {
			isa = PBXShellScriptBuildPhase;
			buildActionMask = 2147483647;
			files = (
			);
			inputPaths = (
			);
			name = "[CP] Embed Pods Frameworks";
			outputPaths = (
			);
			runOnlyForDeploymentPostprocessing = 0;
			shellPath = /bin/sh;
			shellScript = "\"${SRCROOT}/Pods/Target Support Files/Pods-TodaysLunch/Pods-TodaysLunch-frameworks.sh\"\n";
			showEnvVarsInLog = 0;
		};
		809939C770DC749F6193612E /* [CP] Copy Pods Resources */ = {
			isa = PBXShellScriptBuildPhase;
			buildActionMask = 2147483647;
			files = (
			);
			inputPaths = (
			);
			name = "[CP] Copy Pods Resources";
			outputPaths = (
			);
			runOnlyForDeploymentPostprocessing = 0;
			shellPath = /bin/sh;
			shellScript = "\"${SRCROOT}/Pods/Target Support Files/Pods-CommonFrameworkTests/Pods-CommonFrameworkTests-resources.sh\"\n";
			showEnvVarsInLog = 0;
		};
		85A6E43FAC527E9F2ADA4660 /* [CP] Check Pods Manifest.lock */ = {
			isa = PBXShellScriptBuildPhase;
			buildActionMask = 2147483647;
			files = (
			);
			inputPaths = (
			);
			name = "[CP] Check Pods Manifest.lock";
			outputPaths = (
			);
			runOnlyForDeploymentPostprocessing = 0;
			shellPath = /bin/sh;
			shellScript = "diff \"${PODS_ROOT}/../Podfile.lock\" \"${PODS_ROOT}/Manifest.lock\" > /dev/null\nif [ $? != 0 ] ; then\n    # print error to STDERR\n    echo \"error: The sandbox is not in sync with the Podfile.lock. Run 'pod install' or update your CocoaPods installation.\" >&2\n    exit 1\nfi\n";
			showEnvVarsInLog = 0;
		};
		87001A724D61405B51196A7B /* [CP] Check Pods Manifest.lock */ = {
			isa = PBXShellScriptBuildPhase;
			buildActionMask = 2147483647;
			files = (
			);
			inputPaths = (
			);
			name = "[CP] Check Pods Manifest.lock";
			outputPaths = (
			);
			runOnlyForDeploymentPostprocessing = 0;
			shellPath = /bin/sh;
			shellScript = "diff \"${PODS_ROOT}/../Podfile.lock\" \"${PODS_ROOT}/Manifest.lock\" > /dev/null\nif [ $? != 0 ] ; then\n    # print error to STDERR\n    echo \"error: The sandbox is not in sync with the Podfile.lock. Run 'pod install' or update your CocoaPods installation.\" >&2\n    exit 1\nfi\n";
			showEnvVarsInLog = 0;
		};
		933721A8CFF182965F533E24 /* [CP] Copy Pods Resources */ = {
			isa = PBXShellScriptBuildPhase;
			buildActionMask = 2147483647;
			files = (
			);
			inputPaths = (
			);
			name = "[CP] Copy Pods Resources";
			outputPaths = (
			);
			runOnlyForDeploymentPostprocessing = 0;
			shellPath = /bin/sh;
			shellScript = "\"${SRCROOT}/Pods/Target Support Files/Pods-TodayExtension/Pods-TodayExtension-resources.sh\"\n";
			showEnvVarsInLog = 0;
		};
		998303BA77247D8ED4AF5948 /* [CP] Copy Pods Resources */ = {
			isa = PBXShellScriptBuildPhase;
			buildActionMask = 2147483647;
			files = (
			);
			inputPaths = (
			);
			name = "[CP] Copy Pods Resources";
			outputPaths = (
			);
			runOnlyForDeploymentPostprocessing = 0;
			shellPath = /bin/sh;
			shellScript = "\"${SRCROOT}/Pods/Target Support Files/Pods-CommonFramework/Pods-CommonFramework-resources.sh\"\n";
			showEnvVarsInLog = 0;
		};
		99E916081F127A3E00248919 /* ShellScript */ = {
			isa = PBXShellScriptBuildPhase;
			buildActionMask = 2147483647;
			files = (
			);
			inputPaths = (
			);
			outputPaths = (
			);
			runOnlyForDeploymentPostprocessing = 0;
			shellPath = /bin/sh;
			shellScript = "if which swiftlint >/dev/null; then\n  swiftlint\nelse\n  echo \"warning: SwiftLint not installed, download from https://github.com/realm/SwiftLint\"\nfi";
		};
		9C2AC650CB6AD7C1BA4D5D76 /* [CP] Embed Pods Frameworks */ = {
			isa = PBXShellScriptBuildPhase;
			buildActionMask = 2147483647;
			files = (
			);
			inputPaths = (
			);
			name = "[CP] Embed Pods Frameworks";
			outputPaths = (
			);
			runOnlyForDeploymentPostprocessing = 0;
			shellPath = /bin/sh;
			shellScript = "\"${SRCROOT}/Pods/Target Support Files/Pods-CommonFrameworkTests/Pods-CommonFrameworkTests-frameworks.sh\"\n";
			showEnvVarsInLog = 0;
		};
		A0D930DFD6DB3B29449A6EFE /* [CP] Copy Pods Resources */ = {
			isa = PBXShellScriptBuildPhase;
			buildActionMask = 2147483647;
			files = (
			);
			inputPaths = (
			);
			name = "[CP] Copy Pods Resources";
			outputPaths = (
			);
			runOnlyForDeploymentPostprocessing = 0;
			shellPath = /bin/sh;
			shellScript = "\"${SRCROOT}/Pods/Target Support Files/Pods-TodaysLunch/Pods-TodaysLunch-resources.sh\"\n";
			showEnvVarsInLog = 0;
		};
		AEC361E33FE4A929DAEB777D /* [CP] Copy Pods Resources */ = {
			isa = PBXShellScriptBuildPhase;
			buildActionMask = 2147483647;
			files = (
			);
			inputPaths = (
			);
			name = "[CP] Copy Pods Resources";
			outputPaths = (
			);
			runOnlyForDeploymentPostprocessing = 0;
			shellPath = /bin/sh;
			shellScript = "\"${SRCROOT}/Pods/Target Support Files/Pods-TodaysLunchTests/Pods-TodaysLunchTests-resources.sh\"\n";
			showEnvVarsInLog = 0;
		};
		B50A0164E66989F50D438199 /* [CP] Check Pods Manifest.lock */ = {
			isa = PBXShellScriptBuildPhase;
			buildActionMask = 2147483647;
			files = (
			);
			inputPaths = (
			);
			name = "[CP] Check Pods Manifest.lock";
			outputPaths = (
			);
			runOnlyForDeploymentPostprocessing = 0;
			shellPath = /bin/sh;
			shellScript = "diff \"${PODS_ROOT}/../Podfile.lock\" \"${PODS_ROOT}/Manifest.lock\" > /dev/null\nif [ $? != 0 ] ; then\n    # print error to STDERR\n    echo \"error: The sandbox is not in sync with the Podfile.lock. Run 'pod install' or update your CocoaPods installation.\" >&2\n    exit 1\nfi\n";
			showEnvVarsInLog = 0;
		};
		B9D535D71863CA056AC28509 /* [CP] Embed Pods Frameworks */ = {
			isa = PBXShellScriptBuildPhase;
			buildActionMask = 2147483647;
			files = (
			);
			inputPaths = (
			);
			name = "[CP] Embed Pods Frameworks";
			outputPaths = (
			);
			runOnlyForDeploymentPostprocessing = 0;
			shellPath = /bin/sh;
			shellScript = "\"${SRCROOT}/Pods/Target Support Files/Pods-TodaysLunchUITests/Pods-TodaysLunchUITests-frameworks.sh\"\n";
			showEnvVarsInLog = 0;
		};
		E65E5B23B5D4F88777D5023E /* [CP] Check Pods Manifest.lock */ = {
			isa = PBXShellScriptBuildPhase;
			buildActionMask = 2147483647;
			files = (
			);
			inputPaths = (
			);
			name = "[CP] Check Pods Manifest.lock";
			outputPaths = (
			);
			runOnlyForDeploymentPostprocessing = 0;
			shellPath = /bin/sh;
			shellScript = "diff \"${PODS_ROOT}/../Podfile.lock\" \"${PODS_ROOT}/Manifest.lock\" > /dev/null\nif [ $? != 0 ] ; then\n    # print error to STDERR\n    echo \"error: The sandbox is not in sync with the Podfile.lock. Run 'pod install' or update your CocoaPods installation.\" >&2\n    exit 1\nfi\n";
			showEnvVarsInLog = 0;
		};
		F33860BE9F15B2522BB4264D /* [CP] Check Pods Manifest.lock */ = {
			isa = PBXShellScriptBuildPhase;
			buildActionMask = 2147483647;
			files = (
			);
			inputPaths = (
			);
			name = "[CP] Check Pods Manifest.lock";
			outputPaths = (
			);
			runOnlyForDeploymentPostprocessing = 0;
			shellPath = /bin/sh;
			shellScript = "diff \"${PODS_ROOT}/../Podfile.lock\" \"${PODS_ROOT}/Manifest.lock\" > /dev/null\nif [ $? != 0 ] ; then\n    # print error to STDERR\n    echo \"error: The sandbox is not in sync with the Podfile.lock. Run 'pod install' or update your CocoaPods installation.\" >&2\n    exit 1\nfi\n";
			showEnvVarsInLog = 0;
		};
/* End PBXShellScriptBuildPhase section */

/* Begin PBXSourcesBuildPhase section */
		9960BB801DE73D630037721F /* Sources */ = {
			isa = PBXSourcesBuildPhase;
			buildActionMask = 2147483647;
			files = (
				9960BBA41DE73DAB0037721F /* Constant.swift in Sources */,
				99834115203D822500E6ED66 /* DateUtil.swift in Sources */,
				99340D6F1E1B3BB800EE4370 /* Logger.swift in Sources */,
			);
			runOnlyForDeploymentPostprocessing = 0;
		};
		9960BB891DE73D640037721F /* Sources */ = {
			isa = PBXSourcesBuildPhase;
			buildActionMask = 2147483647;
			files = (
				9960BB951DE73D640037721F /* CommonFrameworkTests.swift in Sources */,
			);
			runOnlyForDeploymentPostprocessing = 0;
		};
		999C95EB1DC5FDB800112D96 /* Sources */ = {
			isa = PBXSourcesBuildPhase;
			buildActionMask = 2147483647;
			files = (
				999C95F51DC5FDB800112D96 /* ViewController.swift in Sources */,
				999C95F31DC5FDB800112D96 /* AppDelegate.swift in Sources */,
			);
			runOnlyForDeploymentPostprocessing = 0;
		};
		999C95FF1DC5FDB800112D96 /* Sources */ = {
			isa = PBXSourcesBuildPhase;
			buildActionMask = 2147483647;
			files = (
				999C96081DC5FDB800112D96 /* TodaysLunchTests.swift in Sources */,
			);
			runOnlyForDeploymentPostprocessing = 0;
		};
		999C960A1DC5FDB800112D96 /* Sources */ = {
			isa = PBXSourcesBuildPhase;
			buildActionMask = 2147483647;
			files = (
				999C96131DC5FDB800112D96 /* TodaysLunchUITests.swift in Sources */,
			);
			runOnlyForDeploymentPostprocessing = 0;
		};
		999C96201DC61F1500112D96 /* Sources */ = {
			isa = PBXSourcesBuildPhase;
			buildActionMask = 2147483647;
			files = (
				99834111203C8B7000E6ED66 /* MenuManager.swift in Sources */,
				99F079711DC77B3900A0913E /* Menu.swift in Sources */,
				999C962A1DC61F1500112D96 /* TodayViewController.swift in Sources */,
			);
			runOnlyForDeploymentPostprocessing = 0;
		};
/* End PBXSourcesBuildPhase section */

/* Begin PBXTargetDependency section */
		995C475F2079F25F0050ADEB /* PBXTargetDependency */ = {
			isa = PBXTargetDependency;
			target = 9960BB841DE73D630037721F /* CommonFramework */;
			targetProxy = 995C475E2079F25F0050ADEB /* PBXContainerItemProxy */;
		};
		9960BB901DE73D640037721F /* PBXTargetDependency */ = {
			isa = PBXTargetDependency;
			target = 9960BB841DE73D630037721F /* CommonFramework */;
			targetProxy = 9960BB8F1DE73D640037721F /* PBXContainerItemProxy */;
		};
		9960BB921DE73D640037721F /* PBXTargetDependency */ = {
			isa = PBXTargetDependency;
			target = 999C95EE1DC5FDB800112D96 /* TodaysLunch */;
			targetProxy = 9960BB911DE73D640037721F /* PBXContainerItemProxy */;
		};
		9960BB991DE73D640037721F /* PBXTargetDependency */ = {
			isa = PBXTargetDependency;
			target = 9960BB841DE73D630037721F /* CommonFramework */;
			targetProxy = 9960BB981DE73D640037721F /* PBXContainerItemProxy */;
		};
		999C96051DC5FDB800112D96 /* PBXTargetDependency */ = {
			isa = PBXTargetDependency;
			target = 999C95EE1DC5FDB800112D96 /* TodaysLunch */;
			targetProxy = 999C96041DC5FDB800112D96 /* PBXContainerItemProxy */;
		};
		999C96101DC5FDB800112D96 /* PBXTargetDependency */ = {
			isa = PBXTargetDependency;
			target = 999C95EE1DC5FDB800112D96 /* TodaysLunch */;
			targetProxy = 999C960F1DC5FDB800112D96 /* PBXContainerItemProxy */;
		};
		999C96301DC61F1500112D96 /* PBXTargetDependency */ = {
			isa = PBXTargetDependency;
			target = 999C96231DC61F1500112D96 /* TodayExtension */;
			targetProxy = 999C962F1DC61F1500112D96 /* PBXContainerItemProxy */;
		};
/* End PBXTargetDependency section */

/* Begin PBXVariantGroup section */
		999C95F61DC5FDB800112D96 /* Main.storyboard */ = {
			isa = PBXVariantGroup;
			children = (
				999C95F71DC5FDB800112D96 /* Base */,
			);
			name = Main.storyboard;
			sourceTree = "<group>";
		};
		999C95FB1DC5FDB800112D96 /* LaunchScreen.storyboard */ = {
			isa = PBXVariantGroup;
			children = (
				999C95FC1DC5FDB800112D96 /* Base */,
			);
			name = LaunchScreen.storyboard;
			sourceTree = "<group>";
		};
		999C962B1DC61F1500112D96 /* MainInterface.storyboard */ = {
			isa = PBXVariantGroup;
			children = (
				999C962C1DC61F1500112D96 /* Base */,
			);
			name = MainInterface.storyboard;
			sourceTree = "<group>";
		};
/* End PBXVariantGroup section */

/* Begin XCBuildConfiguration section */
		9960BB9C1DE73D640037721F /* Debug */ = {
			isa = XCBuildConfiguration;
			baseConfigurationReference = 069C6DC867C83360C8475275 /* Pods-CommonFramework.debug.xcconfig */;
			buildSettings = {
				ALWAYS_EMBED_SWIFT_STANDARD_LIBRARIES = "$(inherited)";
				CLANG_ENABLE_MODULES = YES;
				CODE_SIGN_IDENTITY = "";
				CURRENT_PROJECT_VERSION = 1;
				DEFINES_MODULE = YES;
				DEVELOPMENT_TEAM = HC8X5L458K;
				DYLIB_COMPATIBILITY_VERSION = 1;
				DYLIB_CURRENT_VERSION = 1;
				DYLIB_INSTALL_NAME_BASE = "@rpath";
				INFOPLIST_FILE = CommonFramework/Info.plist;
				INSTALL_PATH = "$(LOCAL_LIBRARY_DIR)/Frameworks";
				LD_RUNPATH_SEARCH_PATHS = "$(inherited) @executable_path/Frameworks @loader_path/Frameworks";
				PRODUCT_BUNDLE_IDENTIFIER = jp.oxiden.CommonFramework;
				PRODUCT_NAME = "$(TARGET_NAME)";
				SKIP_INSTALL = YES;
				SWIFT_OPTIMIZATION_LEVEL = "-Onone";
				SWIFT_SWIFT3_OBJC_INFERENCE = Off;
				SWIFT_VERSION = 4.0;
				TARGETED_DEVICE_FAMILY = "1,2";
				VERSIONING_SYSTEM = "apple-generic";
				VERSION_INFO_PREFIX = "";
			};
			name = Debug;
		};
		9960BB9D1DE73D640037721F /* Release */ = {
			isa = XCBuildConfiguration;
			baseConfigurationReference = 2EBB03E98CF0C58FE35EBCDC /* Pods-CommonFramework.release.xcconfig */;
			buildSettings = {
				ALWAYS_EMBED_SWIFT_STANDARD_LIBRARIES = "$(inherited)";
				CLANG_ENABLE_MODULES = YES;
				CODE_SIGN_IDENTITY = "";
				CURRENT_PROJECT_VERSION = 1;
				DEFINES_MODULE = YES;
				DEVELOPMENT_TEAM = HC8X5L458K;
				DYLIB_COMPATIBILITY_VERSION = 1;
				DYLIB_CURRENT_VERSION = 1;
				DYLIB_INSTALL_NAME_BASE = "@rpath";
				INFOPLIST_FILE = CommonFramework/Info.plist;
				INSTALL_PATH = "$(LOCAL_LIBRARY_DIR)/Frameworks";
				LD_RUNPATH_SEARCH_PATHS = "$(inherited) @executable_path/Frameworks @loader_path/Frameworks";
				PRODUCT_BUNDLE_IDENTIFIER = jp.oxiden.CommonFramework;
				PRODUCT_NAME = "$(TARGET_NAME)";
				SKIP_INSTALL = YES;
				SWIFT_SWIFT3_OBJC_INFERENCE = Off;
				SWIFT_VERSION = 4.0;
				TARGETED_DEVICE_FAMILY = "1,2";
				VERSIONING_SYSTEM = "apple-generic";
				VERSION_INFO_PREFIX = "";
			};
			name = Release;
		};
		9960BB9E1DE73D640037721F /* Debug */ = {
			isa = XCBuildConfiguration;
			baseConfigurationReference = 62C30CACCF89ABFF2EAF65F7 /* Pods-CommonFrameworkTests.debug.xcconfig */;
			buildSettings = {
				ALWAYS_EMBED_SWIFT_STANDARD_LIBRARIES = "$(inherited)";
				DEVELOPMENT_TEAM = HC8X5L458K;
				INFOPLIST_FILE = CommonFrameworkTests/Info.plist;
				LD_RUNPATH_SEARCH_PATHS = "$(inherited) @executable_path/Frameworks @loader_path/Frameworks";
				PRODUCT_BUNDLE_IDENTIFIER = jp.oxiden.CommonFrameworkTests;
				PRODUCT_NAME = "$(TARGET_NAME)";
				SWIFT_SWIFT3_OBJC_INFERENCE = Off;
				SWIFT_VERSION = 4.0;
				TEST_HOST = "$(BUILT_PRODUCTS_DIR)/TodaysLunch.app/TodaysLunch";
			};
			name = Debug;
		};
		9960BB9F1DE73D640037721F /* Release */ = {
			isa = XCBuildConfiguration;
			baseConfigurationReference = 4C8D5DE259A0DEC3A78A5456 /* Pods-CommonFrameworkTests.release.xcconfig */;
			buildSettings = {
				ALWAYS_EMBED_SWIFT_STANDARD_LIBRARIES = "$(inherited)";
				DEVELOPMENT_TEAM = HC8X5L458K;
				INFOPLIST_FILE = CommonFrameworkTests/Info.plist;
				LD_RUNPATH_SEARCH_PATHS = "$(inherited) @executable_path/Frameworks @loader_path/Frameworks";
				PRODUCT_BUNDLE_IDENTIFIER = jp.oxiden.CommonFrameworkTests;
				PRODUCT_NAME = "$(TARGET_NAME)";
				SWIFT_SWIFT3_OBJC_INFERENCE = Off;
				SWIFT_VERSION = 4.0;
				TEST_HOST = "$(BUILT_PRODUCTS_DIR)/TodaysLunch.app/TodaysLunch";
			};
			name = Release;
		};
		999C96151DC5FDB800112D96 /* Debug */ = {
			isa = XCBuildConfiguration;
			buildSettings = {
				ALWAYS_SEARCH_USER_PATHS = NO;
				CLANG_ANALYZER_NONNULL = YES;
				CLANG_CXX_LANGUAGE_STANDARD = "gnu++0x";
				CLANG_CXX_LIBRARY = "libc++";
				CLANG_ENABLE_MODULES = YES;
				CLANG_ENABLE_OBJC_ARC = YES;
				CLANG_WARN_BLOCK_CAPTURE_AUTORELEASING = YES;
				CLANG_WARN_BOOL_CONVERSION = YES;
				CLANG_WARN_COMMA = YES;
				CLANG_WARN_CONSTANT_CONVERSION = YES;
				CLANG_WARN_DEPRECATED_OBJC_IMPLEMENTATIONS = YES;
				CLANG_WARN_DIRECT_OBJC_ISA_USAGE = YES_ERROR;
				CLANG_WARN_DOCUMENTATION_COMMENTS = YES;
				CLANG_WARN_EMPTY_BODY = YES;
				CLANG_WARN_ENUM_CONVERSION = YES;
				CLANG_WARN_INFINITE_RECURSION = YES;
				CLANG_WARN_INT_CONVERSION = YES;
				CLANG_WARN_NON_LITERAL_NULL_CONVERSION = YES;
				CLANG_WARN_OBJC_IMPLICIT_RETAIN_SELF = YES;
				CLANG_WARN_OBJC_LITERAL_CONVERSION = YES;
				CLANG_WARN_OBJC_ROOT_CLASS = YES_ERROR;
				CLANG_WARN_RANGE_LOOP_ANALYSIS = YES;
				CLANG_WARN_STRICT_PROTOTYPES = YES;
				CLANG_WARN_SUSPICIOUS_MOVE = YES;
				CLANG_WARN_SUSPICIOUS_MOVES = YES;
				CLANG_WARN_UNREACHABLE_CODE = YES;
				CLANG_WARN__DUPLICATE_METHOD_MATCH = YES;
				"CODE_SIGN_IDENTITY[sdk=iphoneos*]" = "iPhone Developer";
				COPY_PHASE_STRIP = NO;
				DEBUG_INFORMATION_FORMAT = dwarf;
				ENABLE_STRICT_OBJC_MSGSEND = YES;
				ENABLE_TESTABILITY = YES;
				GCC_C_LANGUAGE_STANDARD = gnu99;
				GCC_DYNAMIC_NO_PIC = NO;
				GCC_NO_COMMON_BLOCKS = YES;
				GCC_OPTIMIZATION_LEVEL = 0;
				GCC_PREPROCESSOR_DEFINITIONS = (
					"DEBUG=1",
					"$(inherited)",
				);
				GCC_WARN_64_TO_32_BIT_CONVERSION = YES;
				GCC_WARN_ABOUT_RETURN_TYPE = YES_ERROR;
				GCC_WARN_UNDECLARED_SELECTOR = YES;
				GCC_WARN_UNINITIALIZED_AUTOS = YES_AGGRESSIVE;
				GCC_WARN_UNUSED_FUNCTION = YES;
				GCC_WARN_UNUSED_VARIABLE = YES;
				HEADER_SEARCH_PATHS = "";
				IPHONEOS_DEPLOYMENT_TARGET = 10.1;
				MTL_ENABLE_DEBUG_INFO = YES;
				ONLY_ACTIVE_ARCH = YES;
				OTHER_LDFLAGS = "";
				SDKROOT = iphoneos;
				SWIFT_ACTIVE_COMPILATION_CONDITIONS = DEBUG;
				SWIFT_OPTIMIZATION_LEVEL = "-Onone";
				SWIFT_SWIFT3_OBJC_INFERENCE = Off;
				SWIFT_VERSION = 4.0;
			};
			name = Debug;
		};
		999C96161DC5FDB800112D96 /* Release */ = {
			isa = XCBuildConfiguration;
			buildSettings = {
				ALWAYS_SEARCH_USER_PATHS = NO;
				CLANG_ANALYZER_NONNULL = YES;
				CLANG_CXX_LANGUAGE_STANDARD = "gnu++0x";
				CLANG_CXX_LIBRARY = "libc++";
				CLANG_ENABLE_MODULES = YES;
				CLANG_ENABLE_OBJC_ARC = YES;
				CLANG_WARN_BLOCK_CAPTURE_AUTORELEASING = YES;
				CLANG_WARN_BOOL_CONVERSION = YES;
				CLANG_WARN_COMMA = YES;
				CLANG_WARN_CONSTANT_CONVERSION = YES;
				CLANG_WARN_DEPRECATED_OBJC_IMPLEMENTATIONS = YES;
				CLANG_WARN_DIRECT_OBJC_ISA_USAGE = YES_ERROR;
				CLANG_WARN_DOCUMENTATION_COMMENTS = YES;
				CLANG_WARN_EMPTY_BODY = YES;
				CLANG_WARN_ENUM_CONVERSION = YES;
				CLANG_WARN_INFINITE_RECURSION = YES;
				CLANG_WARN_INT_CONVERSION = YES;
				CLANG_WARN_NON_LITERAL_NULL_CONVERSION = YES;
				CLANG_WARN_OBJC_IMPLICIT_RETAIN_SELF = YES;
				CLANG_WARN_OBJC_LITERAL_CONVERSION = YES;
				CLANG_WARN_OBJC_ROOT_CLASS = YES_ERROR;
				CLANG_WARN_RANGE_LOOP_ANALYSIS = YES;
				CLANG_WARN_STRICT_PROTOTYPES = YES;
				CLANG_WARN_SUSPICIOUS_MOVE = YES;
				CLANG_WARN_SUSPICIOUS_MOVES = YES;
				CLANG_WARN_UNREACHABLE_CODE = YES;
				CLANG_WARN__DUPLICATE_METHOD_MATCH = YES;
				"CODE_SIGN_IDENTITY[sdk=iphoneos*]" = "iPhone Developer";
				COPY_PHASE_STRIP = NO;
				DEBUG_INFORMATION_FORMAT = "dwarf-with-dsym";
				ENABLE_NS_ASSERTIONS = NO;
				ENABLE_STRICT_OBJC_MSGSEND = YES;
				GCC_C_LANGUAGE_STANDARD = gnu99;
				GCC_NO_COMMON_BLOCKS = YES;
				GCC_WARN_64_TO_32_BIT_CONVERSION = YES;
				GCC_WARN_ABOUT_RETURN_TYPE = YES_ERROR;
				GCC_WARN_UNDECLARED_SELECTOR = YES;
				GCC_WARN_UNINITIALIZED_AUTOS = YES_AGGRESSIVE;
				GCC_WARN_UNUSED_FUNCTION = YES;
				GCC_WARN_UNUSED_VARIABLE = YES;
				HEADER_SEARCH_PATHS = "";
				IPHONEOS_DEPLOYMENT_TARGET = 10.1;
				MTL_ENABLE_DEBUG_INFO = NO;
				OTHER_LDFLAGS = "";
				SDKROOT = iphoneos;
				SWIFT_OPTIMIZATION_LEVEL = "-Owholemodule";
				SWIFT_SWIFT3_OBJC_INFERENCE = Off;
				SWIFT_VERSION = 4.0;
				VALIDATE_PRODUCT = YES;
			};
			name = Release;
		};
		999C96181DC5FDB800112D96 /* Debug */ = {
			isa = XCBuildConfiguration;
			baseConfigurationReference = 9855ED91F2FD8768BED5EC54 /* Pods-TodaysLunch.debug.xcconfig */;
			buildSettings = {
				ALWAYS_EMBED_SWIFT_STANDARD_LIBRARIES = "$(inherited)";
				ASSETCATALOG_COMPILER_APPICON_NAME = AppIcon;
				CODE_SIGN_ENTITLEMENTS = TodaysLunch/TodaysLunch.entitlements;
				DEVELOPMENT_TEAM = HC8X5L458K;
				FRAMEWORK_SEARCH_PATHS = "$(inherited)";
				INFOPLIST_FILE = TodaysLunch/Info.plist;
				LD_RUNPATH_SEARCH_PATHS = "$(inherited) @executable_path/Frameworks";
				PRODUCT_BUNDLE_IDENTIFIER = jp.oxiden.TodaysLunch;
				PRODUCT_NAME = "$(TARGET_NAME)";
				SWIFT_SWIFT3_OBJC_INFERENCE = Off;
				SWIFT_VERSION = 4.0;
			};
			name = Debug;
		};
		999C96191DC5FDB800112D96 /* Release */ = {
			isa = XCBuildConfiguration;
			baseConfigurationReference = A8E7E93441AD34F2ACC83E25 /* Pods-TodaysLunch.release.xcconfig */;
			buildSettings = {
				ALWAYS_EMBED_SWIFT_STANDARD_LIBRARIES = "$(inherited)";
				ASSETCATALOG_COMPILER_APPICON_NAME = AppIcon;
				CODE_SIGN_ENTITLEMENTS = TodaysLunch/TodaysLunch.entitlements;
				DEVELOPMENT_TEAM = HC8X5L458K;
				FRAMEWORK_SEARCH_PATHS = "$(inherited)";
				INFOPLIST_FILE = TodaysLunch/Info.plist;
				LD_RUNPATH_SEARCH_PATHS = "$(inherited) @executable_path/Frameworks";
				PRODUCT_BUNDLE_IDENTIFIER = jp.oxiden.TodaysLunch;
				PRODUCT_NAME = "$(TARGET_NAME)";
				SWIFT_SWIFT3_OBJC_INFERENCE = Off;
				SWIFT_VERSION = 4.0;
			};
			name = Release;
		};
		999C961B1DC5FDB800112D96 /* Debug */ = {
			isa = XCBuildConfiguration;
			baseConfigurationReference = EFE32BF62488404DEF6BAA48 /* Pods-TodaysLunchTests.debug.xcconfig */;
			buildSettings = {
				ALWAYS_EMBED_SWIFT_STANDARD_LIBRARIES = "$(inherited)";
				BUNDLE_LOADER = "$(TEST_HOST)";
				DEVELOPMENT_TEAM = HC8X5L458K;
				INFOPLIST_FILE = TodaysLunchTests/Info.plist;
				LD_RUNPATH_SEARCH_PATHS = "$(inherited) @executable_path/Frameworks @loader_path/Frameworks";
				PRODUCT_BUNDLE_IDENTIFIER = jp.oxiden.TodaysLunchTests;
				PRODUCT_NAME = "$(TARGET_NAME)";
				SWIFT_VERSION = 4.0;
				TEST_HOST = "$(BUILT_PRODUCTS_DIR)/TodaysLunch.app/TodaysLunch";
			};
			name = Debug;
		};
		999C961C1DC5FDB800112D96 /* Release */ = {
			isa = XCBuildConfiguration;
			baseConfigurationReference = 51AB2A8190EDF442FD86A47F /* Pods-TodaysLunchTests.release.xcconfig */;
			buildSettings = {
				ALWAYS_EMBED_SWIFT_STANDARD_LIBRARIES = "$(inherited)";
				BUNDLE_LOADER = "$(TEST_HOST)";
				DEVELOPMENT_TEAM = HC8X5L458K;
				INFOPLIST_FILE = TodaysLunchTests/Info.plist;
				LD_RUNPATH_SEARCH_PATHS = "$(inherited) @executable_path/Frameworks @loader_path/Frameworks";
				PRODUCT_BUNDLE_IDENTIFIER = jp.oxiden.TodaysLunchTests;
				PRODUCT_NAME = "$(TARGET_NAME)";
				SWIFT_VERSION = 4.0;
				TEST_HOST = "$(BUILT_PRODUCTS_DIR)/TodaysLunch.app/TodaysLunch";
			};
			name = Release;
		};
		999C961E1DC5FDB800112D96 /* Debug */ = {
			isa = XCBuildConfiguration;
			baseConfigurationReference = 67112213743698294364A8DB /* Pods-TodaysLunchUITests.debug.xcconfig */;
			buildSettings = {
				ALWAYS_EMBED_SWIFT_STANDARD_LIBRARIES = "$(inherited)";
				DEVELOPMENT_TEAM = HC8X5L458K;
				INFOPLIST_FILE = TodaysLunchUITests/Info.plist;
				LD_RUNPATH_SEARCH_PATHS = "$(inherited) @executable_path/Frameworks @loader_path/Frameworks";
				PRODUCT_BUNDLE_IDENTIFIER = jp.oxiden.TodaysLunchUITests;
				PRODUCT_NAME = "$(TARGET_NAME)";
				SWIFT_VERSION = 4.0;
				TEST_TARGET_NAME = TodaysLunch;
			};
			name = Debug;
		};
		999C961F1DC5FDB800112D96 /* Release */ = {
			isa = XCBuildConfiguration;
			baseConfigurationReference = 0630BC39F9769259835E8399 /* Pods-TodaysLunchUITests.release.xcconfig */;
			buildSettings = {
				ALWAYS_EMBED_SWIFT_STANDARD_LIBRARIES = "$(inherited)";
				DEVELOPMENT_TEAM = HC8X5L458K;
				INFOPLIST_FILE = TodaysLunchUITests/Info.plist;
				LD_RUNPATH_SEARCH_PATHS = "$(inherited) @executable_path/Frameworks @loader_path/Frameworks";
				PRODUCT_BUNDLE_IDENTIFIER = jp.oxiden.TodaysLunchUITests;
				PRODUCT_NAME = "$(TARGET_NAME)";
				SWIFT_VERSION = 4.0;
				TEST_TARGET_NAME = TodaysLunch;
			};
			name = Release;
		};
		999C96321DC61F1500112D96 /* Debug */ = {
			isa = XCBuildConfiguration;
			baseConfigurationReference = D48A02D43D03ADC76F320829 /* Pods-TodayExtension.debug.xcconfig */;
			buildSettings = {
				ALWAYS_EMBED_SWIFT_STANDARD_LIBRARIES = "$(inherited)";
				APPLICATION_EXTENSION_API_ONLY = NO;
				CODE_SIGN_ENTITLEMENTS = TodayExtension/TodayExtension.entitlements;
				DEVELOPMENT_TEAM = HC8X5L458K;
				FRAMEWORK_SEARCH_PATHS = "$(inherited)";
				INFOPLIST_FILE = TodayExtension/Info.plist;
				LD_RUNPATH_SEARCH_PATHS = "$(inherited) @executable_path/Frameworks @executable_path/../../Frameworks";
				PRODUCT_BUNDLE_IDENTIFIER = jp.oxiden.TodaysLunch.TodayExtension;
				PRODUCT_NAME = "$(TARGET_NAME)";
				SKIP_INSTALL = YES;
				SWIFT_SWIFT3_OBJC_INFERENCE = Off;
				SWIFT_VERSION = 4.0;
			};
			name = Debug;
		};
		999C96331DC61F1500112D96 /* Release */ = {
			isa = XCBuildConfiguration;
			baseConfigurationReference = 1EC8F43328F00F19B04ACCE4 /* Pods-TodayExtension.release.xcconfig */;
			buildSettings = {
				ALWAYS_EMBED_SWIFT_STANDARD_LIBRARIES = "$(inherited)";
				APPLICATION_EXTENSION_API_ONLY = NO;
				CODE_SIGN_ENTITLEMENTS = TodayExtension/TodayExtension.entitlements;
				DEVELOPMENT_TEAM = HC8X5L458K;
				FRAMEWORK_SEARCH_PATHS = "$(inherited)";
				INFOPLIST_FILE = TodayExtension/Info.plist;
				LD_RUNPATH_SEARCH_PATHS = "$(inherited) @executable_path/Frameworks @executable_path/../../Frameworks";
				PRODUCT_BUNDLE_IDENTIFIER = jp.oxiden.TodaysLunch.TodayExtension;
				PRODUCT_NAME = "$(TARGET_NAME)";
				SKIP_INSTALL = YES;
				SWIFT_SWIFT3_OBJC_INFERENCE = Off;
				SWIFT_VERSION = 4.0;
			};
			name = Release;
		};
/* End XCBuildConfiguration section */

/* Begin XCConfigurationList section */
		9960BBA01DE73D640037721F /* Build configuration list for PBXNativeTarget "CommonFramework" */ = {
			isa = XCConfigurationList;
			buildConfigurations = (
				9960BB9C1DE73D640037721F /* Debug */,
				9960BB9D1DE73D640037721F /* Release */,
			);
			defaultConfigurationIsVisible = 0;
			defaultConfigurationName = Release;
		};
		9960BBA21DE73D640037721F /* Build configuration list for PBXNativeTarget "CommonFrameworkTests" */ = {
			isa = XCConfigurationList;
			buildConfigurations = (
				9960BB9E1DE73D640037721F /* Debug */,
				9960BB9F1DE73D640037721F /* Release */,
			);
			defaultConfigurationIsVisible = 0;
			defaultConfigurationName = Release;
		};
		999C95EA1DC5FDB800112D96 /* Build configuration list for PBXProject "TodaysLunch" */ = {
			isa = XCConfigurationList;
			buildConfigurations = (
				999C96151DC5FDB800112D96 /* Debug */,
				999C96161DC5FDB800112D96 /* Release */,
			);
			defaultConfigurationIsVisible = 0;
			defaultConfigurationName = Release;
		};
		999C96171DC5FDB800112D96 /* Build configuration list for PBXNativeTarget "TodaysLunch" */ = {
			isa = XCConfigurationList;
			buildConfigurations = (
				999C96181DC5FDB800112D96 /* Debug */,
				999C96191DC5FDB800112D96 /* Release */,
			);
			defaultConfigurationIsVisible = 0;
			defaultConfigurationName = Release;
		};
		999C961A1DC5FDB800112D96 /* Build configuration list for PBXNativeTarget "TodaysLunchTests" */ = {
			isa = XCConfigurationList;
			buildConfigurations = (
				999C961B1DC5FDB800112D96 /* Debug */,
				999C961C1DC5FDB800112D96 /* Release */,
			);
			defaultConfigurationIsVisible = 0;
			defaultConfigurationName = Release;
		};
		999C961D1DC5FDB800112D96 /* Build configuration list for PBXNativeTarget "TodaysLunchUITests" */ = {
			isa = XCConfigurationList;
			buildConfigurations = (
				999C961E1DC5FDB800112D96 /* Debug */,
				999C961F1DC5FDB800112D96 /* Release */,
			);
			defaultConfigurationIsVisible = 0;
			defaultConfigurationName = Release;
		};
		999C96341DC61F1500112D96 /* Build configuration list for PBXNativeTarget "TodayExtension" */ = {
			isa = XCConfigurationList;
			buildConfigurations = (
				999C96321DC61F1500112D96 /* Debug */,
				999C96331DC61F1500112D96 /* Release */,
			);
			defaultConfigurationIsVisible = 0;
			defaultConfigurationName = Release;
		};
/* End XCConfigurationList section */
	};
	rootObject = 999C95E71DC5FDB800112D96 /* Project object */;
}
