// !$*UTF8*$!
{
	archiveVersion = 1;
	classes = {
	};
	objectVersion = 46;
	objects = {

/* Begin PBXBuildFile section */
		999C95F31DC5FDB800112D96 /* AppDelegate.swift in Sources */ = {isa = PBXBuildFile; fileRef = 999C95F21DC5FDB800112D96 /* AppDelegate.swift */; };
		999C95F51DC5FDB800112D96 /* ViewController.swift in Sources */ = {isa = PBXBuildFile; fileRef = 999C95F41DC5FDB800112D96 /* ViewController.swift */; };
		999C95F81DC5FDB800112D96 /* Main.storyboard in Resources */ = {isa = PBXBuildFile; fileRef = 999C95F61DC5FDB800112D96 /* Main.storyboard */; };
		999C95FA1DC5FDB800112D96 /* Assets.xcassets in Resources */ = {isa = PBXBuildFile; fileRef = 999C95F91DC5FDB800112D96 /* Assets.xcassets */; };
		999C95FD1DC5FDB800112D96 /* LaunchScreen.storyboard in Resources */ = {isa = PBXBuildFile; fileRef = 999C95FB1DC5FDB800112D96 /* LaunchScreen.storyboard */; };
		999C96081DC5FDB800112D96 /* TodaysLunchTests.swift in Sources */ = {isa = PBXBuildFile; fileRef = 999C96071DC5FDB800112D96 /* TodaysLunchTests.swift */; };
		999C96131DC5FDB800112D96 /* TodaysLunchUITests.swift in Sources */ = {isa = PBXBuildFile; fileRef = 999C96121DC5FDB800112D96 /* TodaysLunchUITests.swift */; };
		999C96271DC61F1500112D96 /* NotificationCenter.framework in Frameworks */ = {isa = PBXBuildFile; fileRef = 999C96261DC61F1500112D96 /* NotificationCenter.framework */; };
		999C962A1DC61F1500112D96 /* TodayViewController.swift in Sources */ = {isa = PBXBuildFile; fileRef = 999C96291DC61F1500112D96 /* TodayViewController.swift */; };
		999C962D1DC61F1500112D96 /* MainInterface.storyboard in Resources */ = {isa = PBXBuildFile; fileRef = 999C962B1DC61F1500112D96 /* MainInterface.storyboard */; };
		999C96311DC61F1500112D96 /* TodayExtension.appex in Embed App Extensions */ = {isa = PBXBuildFile; fileRef = 999C96241DC61F1500112D96 /* TodayExtension.appex */; settings = {ATTRIBUTES = (RemoveHeadersOnCopy, ); }; };
		99F079711DC77B3900A0913E /* Menu.swift in Sources */ = {isa = PBXBuildFile; fileRef = 99F079701DC77B3900A0913E /* Menu.swift */; };
/* End PBXBuildFile section */

/* Begin PBXContainerItemProxy section */
		999C96041DC5FDB800112D96 /* PBXContainerItemProxy */ = {
			isa = PBXContainerItemProxy;
			containerPortal = 999C95E71DC5FDB800112D96 /* Project object */;
			proxyType = 1;
			remoteGlobalIDString = 999C95EE1DC5FDB800112D96;
			remoteInfo = TodaysLunch;
		};
		999C960F1DC5FDB800112D96 /* PBXContainerItemProxy */ = {
			isa = PBXContainerItemProxy;
			containerPortal = 999C95E71DC5FDB800112D96 /* Project object */;
			proxyType = 1;
			remoteGlobalIDString = 999C95EE1DC5FDB800112D96;
			remoteInfo = TodaysLunch;
		};
		999C962F1DC61F1500112D96 /* PBXContainerItemProxy */ = {
			isa = PBXContainerItemProxy;
			containerPortal = 999C95E71DC5FDB800112D96 /* Project object */;
			proxyType = 1;
			remoteGlobalIDString = 999C96231DC61F1500112D96;
			remoteInfo = TodayExtension;
		};
/* End PBXContainerItemProxy section */

/* Begin PBXCopyFilesBuildPhase section */
		999C96351DC61F1500112D96 /* Embed App Extensions */ = {
			isa = PBXCopyFilesBuildPhase;
			buildActionMask = 2147483647;
			dstPath = "";
			dstSubfolderSpec = 13;
			files = (
				999C96311DC61F1500112D96 /* TodayExtension.appex in Embed App Extensions */,
			);
			name = "Embed App Extensions";
			runOnlyForDeploymentPostprocessing = 0;
		};
/* End PBXCopyFilesBuildPhase section */

/* Begin PBXFileReference section */
		999C95EF1DC5FDB800112D96 /* TodaysLunch.app */ = {isa = PBXFileReference; explicitFileType = wrapper.application; includeInIndex = 0; path = TodaysLunch.app; sourceTree = BUILT_PRODUCTS_DIR; };
		999C95F21DC5FDB800112D96 /* AppDelegate.swift */ = {isa = PBXFileReference; lastKnownFileType = sourcecode.swift; path = AppDelegate.swift; sourceTree = "<group>"; };
		999C95F41DC5FDB800112D96 /* ViewController.swift */ = {isa = PBXFileReference; lastKnownFileType = sourcecode.swift; path = ViewController.swift; sourceTree = "<group>"; };
		999C95F71DC5FDB800112D96 /* Base */ = {isa = PBXFileReference; lastKnownFileType = file.storyboard; name = Base; path = Base.lproj/Main.storyboard; sourceTree = "<group>"; };
		999C95F91DC5FDB800112D96 /* Assets.xcassets */ = {isa = PBXFileReference; lastKnownFileType = folder.assetcatalog; path = Assets.xcassets; sourceTree = "<group>"; };
		999C95FC1DC5FDB800112D96 /* Base */ = {isa = PBXFileReference; lastKnownFileType = file.storyboard; name = Base; path = Base.lproj/LaunchScreen.storyboard; sourceTree = "<group>"; };
		999C95FE1DC5FDB800112D96 /* Info.plist */ = {isa = PBXFileReference; lastKnownFileType = text.plist.xml; path = Info.plist; sourceTree = "<group>"; };
		999C96031DC5FDB800112D96 /* TodaysLunchTests.xctest */ = {isa = PBXFileReference; explicitFileType = wrapper.cfbundle; includeInIndex = 0; path = TodaysLunchTests.xctest; sourceTree = BUILT_PRODUCTS_DIR; };
		999C96071DC5FDB800112D96 /* TodaysLunchTests.swift */ = {isa = PBXFileReference; lastKnownFileType = sourcecode.swift; path = TodaysLunchTests.swift; sourceTree = "<group>"; };
		999C96091DC5FDB800112D96 /* Info.plist */ = {isa = PBXFileReference; lastKnownFileType = text.plist.xml; path = Info.plist; sourceTree = "<group>"; };
		999C960E1DC5FDB800112D96 /* TodaysLunchUITests.xctest */ = {isa = PBXFileReference; explicitFileType = wrapper.cfbundle; includeInIndex = 0; path = TodaysLunchUITests.xctest; sourceTree = BUILT_PRODUCTS_DIR; };
		999C96121DC5FDB800112D96 /* TodaysLunchUITests.swift */ = {isa = PBXFileReference; lastKnownFileType = sourcecode.swift; path = TodaysLunchUITests.swift; sourceTree = "<group>"; };
		999C96141DC5FDB800112D96 /* Info.plist */ = {isa = PBXFileReference; lastKnownFileType = text.plist.xml; path = Info.plist; sourceTree = "<group>"; };
		999C96241DC61F1500112D96 /* TodayExtension.appex */ = {isa = PBXFileReference; explicitFileType = "wrapper.app-extension"; includeInIndex = 0; path = TodayExtension.appex; sourceTree = BUILT_PRODUCTS_DIR; };
		999C96261DC61F1500112D96 /* NotificationCenter.framework */ = {isa = PBXFileReference; lastKnownFileType = wrapper.framework; name = NotificationCenter.framework; path = System/Library/Frameworks/NotificationCenter.framework; sourceTree = SDKROOT; };
		999C96291DC61F1500112D96 /* TodayViewController.swift */ = {isa = PBXFileReference; lastKnownFileType = sourcecode.swift; path = TodayViewController.swift; sourceTree = "<group>"; };
		999C962C1DC61F1500112D96 /* Base */ = {isa = PBXFileReference; lastKnownFileType = file.storyboard; name = Base; path = Base.lproj/MainInterface.storyboard; sourceTree = "<group>"; };
		999C962E1DC61F1500112D96 /* Info.plist */ = {isa = PBXFileReference; lastKnownFileType = text.plist.xml; path = Info.plist; sourceTree = "<group>"; };
		99AB20611DD6AE3D00F17BA5 /* TodayExtension.entitlements */ = {isa = PBXFileReference; lastKnownFileType = text.plist.entitlements; path = TodayExtension.entitlements; sourceTree = "<group>"; };
		99AB20621DD6AE4D00F17BA5 /* TodaysLunch.entitlements */ = {isa = PBXFileReference; lastKnownFileType = text.plist.entitlements; path = TodaysLunch.entitlements; sourceTree = "<group>"; };
		99F079701DC77B3900A0913E /* Menu.swift */ = {isa = PBXFileReference; fileEncoding = 4; lastKnownFileType = sourcecode.swift; path = Menu.swift; sourceTree = "<group>"; };
/* End PBXFileReference section */

/* Begin PBXFrameworksBuildPhase section */
		999C95EC1DC5FDB800112D96 /* Frameworks */ = {
			isa = PBXFrameworksBuildPhase;
			buildActionMask = 2147483647;
			files = (
			);
			runOnlyForDeploymentPostprocessing = 0;
		};
		999C96001DC5FDB800112D96 /* Frameworks */ = {
			isa = PBXFrameworksBuildPhase;
			buildActionMask = 2147483647;
			files = (
			);
			runOnlyForDeploymentPostprocessing = 0;
		};
		999C960B1DC5FDB800112D96 /* Frameworks */ = {
			isa = PBXFrameworksBuildPhase;
			buildActionMask = 2147483647;
			files = (
			);
			runOnlyForDeploymentPostprocessing = 0;
		};
		999C96211DC61F1500112D96 /* Frameworks */ = {
			isa = PBXFrameworksBuildPhase;
			buildActionMask = 2147483647;
			files = (
				999C96271DC61F1500112D96 /* NotificationCenter.framework in Frameworks */,
			);
			runOnlyForDeploymentPostprocessing = 0;
		};
/* End PBXFrameworksBuildPhase section */

/* Begin PBXGroup section */
		999C95E61DC5FDB800112D96 = {
			isa = PBXGroup;
			children = (
				999C95F11DC5FDB800112D96 /* TodaysLunch */,
				999C96061DC5FDB800112D96 /* TodaysLunchTests */,
				999C96111DC5FDB800112D96 /* TodaysLunchUITests */,
				999C96281DC61F1500112D96 /* TodayExtension */,
				999C96251DC61F1500112D96 /* Frameworks */,
				999C95F01DC5FDB800112D96 /* Products */,
			);
			sourceTree = "<group>";
		};
		999C95F01DC5FDB800112D96 /* Products */ = {
			isa = PBXGroup;
			children = (
				999C95EF1DC5FDB800112D96 /* TodaysLunch.app */,
				999C96031DC5FDB800112D96 /* TodaysLunchTests.xctest */,
				999C960E1DC5FDB800112D96 /* TodaysLunchUITests.xctest */,
				999C96241DC61F1500112D96 /* TodayExtension.appex */,
			);
			name = Products;
			sourceTree = "<group>";
		};
		999C95F11DC5FDB800112D96 /* TodaysLunch */ = {
			isa = PBXGroup;
			children = (
				99AB20621DD6AE4D00F17BA5 /* TodaysLunch.entitlements */,
				999C95F21DC5FDB800112D96 /* AppDelegate.swift */,
				999C95F41DC5FDB800112D96 /* ViewController.swift */,
				999C95F61DC5FDB800112D96 /* Main.storyboard */,
				999C95F91DC5FDB800112D96 /* Assets.xcassets */,
				999C95FB1DC5FDB800112D96 /* LaunchScreen.storyboard */,
				999C95FE1DC5FDB800112D96 /* Info.plist */,
			);
			path = TodaysLunch;
			sourceTree = "<group>";
		};
		999C96061DC5FDB800112D96 /* TodaysLunchTests */ = {
			isa = PBXGroup;
			children = (
				999C96071DC5FDB800112D96 /* TodaysLunchTests.swift */,
				999C96091DC5FDB800112D96 /* Info.plist */,
			);
			path = TodaysLunchTests;
			sourceTree = "<group>";
		};
		999C96111DC5FDB800112D96 /* TodaysLunchUITests */ = {
			isa = PBXGroup;
			children = (
				999C96121DC5FDB800112D96 /* TodaysLunchUITests.swift */,
				999C96141DC5FDB800112D96 /* Info.plist */,
			);
			path = TodaysLunchUITests;
			sourceTree = "<group>";
		};
		999C96251DC61F1500112D96 /* Frameworks */ = {
			isa = PBXGroup;
			children = (
				999C96261DC61F1500112D96 /* NotificationCenter.framework */,
			);
			name = Frameworks;
			sourceTree = "<group>";
		};
		999C96281DC61F1500112D96 /* TodayExtension */ = {
			isa = PBXGroup;
			children = (
				99AB20611DD6AE3D00F17BA5 /* TodayExtension.entitlements */,
				999C96291DC61F1500112D96 /* TodayViewController.swift */,
				99F079701DC77B3900A0913E /* Menu.swift */,
				999C962B1DC61F1500112D96 /* MainInterface.storyboard */,
				999C962E1DC61F1500112D96 /* Info.plist */,
			);
			path = TodayExtension;
			sourceTree = "<group>";
		};
/* End PBXGroup section */

/* Begin PBXNativeTarget section */
		999C95EE1DC5FDB800112D96 /* TodaysLunch */ = {
			isa = PBXNativeTarget;
			buildConfigurationList = 999C96171DC5FDB800112D96 /* Build configuration list for PBXNativeTarget "TodaysLunch" */;
			buildPhases = (
				999C95EB1DC5FDB800112D96 /* Sources */,
				999C95EC1DC5FDB800112D96 /* Frameworks */,
				999C95ED1DC5FDB800112D96 /* Resources */,
				999C96351DC61F1500112D96 /* Embed App Extensions */,
			);
			buildRules = (
			);
			dependencies = (
				999C96301DC61F1500112D96 /* PBXTargetDependency */,
			);
			name = TodaysLunch;
			productName = TodaysLunch;
			productReference = 999C95EF1DC5FDB800112D96 /* TodaysLunch.app */;
			productType = "com.apple.product-type.application";
		};
		999C96021DC5FDB800112D96 /* TodaysLunchTests */ = {
			isa = PBXNativeTarget;
			buildConfigurationList = 999C961A1DC5FDB800112D96 /* Build configuration list for PBXNativeTarget "TodaysLunchTests" */;
			buildPhases = (
				999C95FF1DC5FDB800112D96 /* Sources */,
				999C96001DC5FDB800112D96 /* Frameworks */,
				999C96011DC5FDB800112D96 /* Resources */,
			);
			buildRules = (
			);
			dependencies = (
				999C96051DC5FDB800112D96 /* PBXTargetDependency */,
			);
			name = TodaysLunchTests;
			productName = TodaysLunchTests;
			productReference = 999C96031DC5FDB800112D96 /* TodaysLunchTests.xctest */;
			productType = "com.apple.product-type.bundle.unit-test";
		};
		999C960D1DC5FDB800112D96 /* TodaysLunchUITests */ = {
			isa = PBXNativeTarget;
			buildConfigurationList = 999C961D1DC5FDB800112D96 /* Build configuration list for PBXNativeTarget "TodaysLunchUITests" */;
			buildPhases = (
				999C960A1DC5FDB800112D96 /* Sources */,
				999C960B1DC5FDB800112D96 /* Frameworks */,
				999C960C1DC5FDB800112D96 /* Resources */,
			);
			buildRules = (
			);
			dependencies = (
				999C96101DC5FDB800112D96 /* PBXTargetDependency */,
			);
			name = TodaysLunchUITests;
			productName = TodaysLunchUITests;
			productReference = 999C960E1DC5FDB800112D96 /* TodaysLunchUITests.xctest */;
			productType = "com.apple.product-type.bundle.ui-testing";
		};
		999C96231DC61F1500112D96 /* TodayExtension */ = {
			isa = PBXNativeTarget;
			buildConfigurationList = 999C96341DC61F1500112D96 /* Build configuration list for PBXNativeTarget "TodayExtension" */;
			buildPhases = (
				999C96201DC61F1500112D96 /* Sources */,
				999C96211DC61F1500112D96 /* Frameworks */,
				999C96221DC61F1500112D96 /* Resources */,
			);
			buildRules = (
			);
			dependencies = (
			);
			name = TodayExtension;
			productName = TodayExtension;
			productReference = 999C96241DC61F1500112D96 /* TodayExtension.appex */;
			productType = "com.apple.product-type.app-extension";
		};
/* End PBXNativeTarget section */

/* Begin PBXProject section */
		999C95E71DC5FDB800112D96 /* Project object */ = {
			isa = PBXProject;
			attributes = {
				LastSwiftUpdateCheck = 0810;
				LastUpgradeCheck = 0810;
				ORGANIZATIONNAME = oxiden;
				TargetAttributes = {
					999C95EE1DC5FDB800112D96 = {
						CreatedOnToolsVersion = 8.1;
						DevelopmentTeam = HC8X5L458K;
						ProvisioningStyle = Automatic;
						SystemCapabilities = {
							com.apple.ApplicationGroups.iOS = {
								enabled = 1;
							};
						};
					};
					999C96021DC5FDB800112D96 = {
						CreatedOnToolsVersion = 8.1;
						DevelopmentTeam = HC8X5L458K;
						ProvisioningStyle = Automatic;
						TestTargetID = 999C95EE1DC5FDB800112D96;
					};
					999C960D1DC5FDB800112D96 = {
						CreatedOnToolsVersion = 8.1;
						DevelopmentTeam = HC8X5L458K;
						ProvisioningStyle = Automatic;
						TestTargetID = 999C95EE1DC5FDB800112D96;
					};
					999C96231DC61F1500112D96 = {
						CreatedOnToolsVersion = 8.1;
						DevelopmentTeam = HC8X5L458K;
						ProvisioningStyle = Automatic;
						SystemCapabilities = {
							com.apple.ApplicationGroups.iOS = {
								enabled = 1;
							};
						};
					};
				};
			};
			buildConfigurationList = 999C95EA1DC5FDB800112D96 /* Build configuration list for PBXProject "TodaysLunch" */;
			compatibilityVersion = "Xcode 3.2";
			developmentRegion = English;
			hasScannedForEncodings = 0;
			knownRegions = (
				en,
				Base,
			);
			mainGroup = 999C95E61DC5FDB800112D96;
			productRefGroup = 999C95F01DC5FDB800112D96 /* Products */;
			projectDirPath = "";
			projectRoot = "";
			targets = (
				999C95EE1DC5FDB800112D96 /* TodaysLunch */,
				999C96021DC5FDB800112D96 /* TodaysLunchTests */,
				999C960D1DC5FDB800112D96 /* TodaysLunchUITests */,
				999C96231DC61F1500112D96 /* TodayExtension */,
			);
		};
/* End PBXProject section */

/* Begin PBXResourcesBuildPhase section */
		999C95ED1DC5FDB800112D96 /* Resources */ = {
			isa = PBXResourcesBuildPhase;
			buildActionMask = 2147483647;
			files = (
				999C95FD1DC5FDB800112D96 /* LaunchScreen.storyboard in Resources */,
				999C95FA1DC5FDB800112D96 /* Assets.xcassets in Resources */,
				999C95F81DC5FDB800112D96 /* Main.storyboard in Resources */,
			);
			runOnlyForDeploymentPostprocessing = 0;
		};
		999C96011DC5FDB800112D96 /* Resources */ = {
			isa = PBXResourcesBuildPhase;
			buildActionMask = 2147483647;
			files = (
			);
			runOnlyForDeploymentPostprocessing = 0;
		};
		999C960C1DC5FDB800112D96 /* Resources */ = {
			isa = PBXResourcesBuildPhase;
			buildActionMask = 2147483647;
			files = (
			);
			runOnlyForDeploymentPostprocessing = 0;
		};
		999C96221DC61F1500112D96 /* Resources */ = {
			isa = PBXResourcesBuildPhase;
			buildActionMask = 2147483647;
			files = (
				999C962D1DC61F1500112D96 /* MainInterface.storyboard in Resources */,
			);
			runOnlyForDeploymentPostprocessing = 0;
		};
/* End PBXResourcesBuildPhase section */

/* Begin PBXSourcesBuildPhase section */
		999C95EB1DC5FDB800112D96 /* Sources */ = {
			isa = PBXSourcesBuildPhase;
			buildActionMask = 2147483647;
			files = (
				999C95F51DC5FDB800112D96 /* ViewController.swift in Sources */,
				999C95F31DC5FDB800112D96 /* AppDelegate.swift in Sources */,
			);
			runOnlyForDeploymentPostprocessing = 0;
		};
		999C95FF1DC5FDB800112D96 /* Sources */ = {
			isa = PBXSourcesBuildPhase;
			buildActionMask = 2147483647;
			files = (
				999C96081DC5FDB800112D96 /* TodaysLunchTests.swift in Sources */,
			);
			runOnlyForDeploymentPostprocessing = 0;
		};
		999C960A1DC5FDB800112D96 /* Sources */ = {
			isa = PBXSourcesBuildPhase;
			buildActionMask = 2147483647;
			files = (
				999C96131DC5FDB800112D96 /* TodaysLunchUITests.swift in Sources */,
			);
			runOnlyForDeploymentPostprocessing = 0;
		};
		999C96201DC61F1500112D96 /* Sources */ = {
			isa = PBXSourcesBuildPhase;
			buildActionMask = 2147483647;
			files = (
				99F079711DC77B3900A0913E /* Menu.swift in Sources */,
				999C962A1DC61F1500112D96 /* TodayViewController.swift in Sources */,
			);
			runOnlyForDeploymentPostprocessing = 0;
		};
/* End PBXSourcesBuildPhase section */

/* Begin PBXTargetDependency section */
		999C96051DC5FDB800112D96 /* PBXTargetDependency */ = {
			isa = PBXTargetDependency;
			target = 999C95EE1DC5FDB800112D96 /* TodaysLunch */;
			targetProxy = 999C96041DC5FDB800112D96 /* PBXContainerItemProxy */;
		};
		999C96101DC5FDB800112D96 /* PBXTargetDependency */ = {
			isa = PBXTargetDependency;
			target = 999C95EE1DC5FDB800112D96 /* TodaysLunch */;
			targetProxy = 999C960F1DC5FDB800112D96 /* PBXContainerItemProxy */;
		};
		999C96301DC61F1500112D96 /* PBXTargetDependency */ = {
			isa = PBXTargetDependency;
			target = 999C96231DC61F1500112D96 /* TodayExtension */;
			targetProxy = 999C962F1DC61F1500112D96 /* PBXContainerItemProxy */;
		};
/* End PBXTargetDependency section */

/* Begin PBXVariantGroup section */
		999C95F61DC5FDB800112D96 /* Main.storyboard */ = {
			isa = PBXVariantGroup;
			children = (
				999C95F71DC5FDB800112D96 /* Base */,
			);
			name = Main.storyboard;
			sourceTree = "<group>";
		};
		999C95FB1DC5FDB800112D96 /* LaunchScreen.storyboard */ = {
			isa = PBXVariantGroup;
			children = (
				999C95FC1DC5FDB800112D96 /* Base */,
			);
			name = LaunchScreen.storyboard;
			sourceTree = "<group>";
		};
		999C962B1DC61F1500112D96 /* MainInterface.storyboard */ = {
			isa = PBXVariantGroup;
			children = (
				999C962C1DC61F1500112D96 /* Base */,
			);
			name = MainInterface.storyboard;
			sourceTree = "<group>";
		};
/* End PBXVariantGroup section */

/* Begin XCBuildConfiguration section */
		999C96151DC5FDB800112D96 /* Debug */ = {
			isa = XCBuildConfiguration;
			buildSettings = {
				ALWAYS_SEARCH_USER_PATHS = NO;
				CLANG_ANALYZER_NONNULL = YES;
				CLANG_CXX_LANGUAGE_STANDARD = "gnu++0x";
				CLANG_CXX_LIBRARY = "libc++";
				CLANG_ENABLE_MODULES = YES;
				CLANG_ENABLE_OBJC_ARC = YES;
				CLANG_WARN_BOOL_CONVERSION = YES;
				CLANG_WARN_CONSTANT_CONVERSION = YES;
				CLANG_WARN_DIRECT_OBJC_ISA_USAGE = YES_ERROR;
				CLANG_WARN_DOCUMENTATION_COMMENTS = YES;
				CLANG_WARN_EMPTY_BODY = YES;
				CLANG_WARN_ENUM_CONVERSION = YES;
				CLANG_WARN_INFINITE_RECURSION = YES;
				CLANG_WARN_INT_CONVERSION = YES;
				CLANG_WARN_OBJC_ROOT_CLASS = YES_ERROR;
				CLANG_WARN_SUSPICIOUS_MOVES = YES;
				CLANG_WARN_UNREACHABLE_CODE = YES;
				CLANG_WARN__DUPLICATE_METHOD_MATCH = YES;
				"CODE_SIGN_IDENTITY[sdk=iphoneos*]" = "iPhone Developer";
				COPY_PHASE_STRIP = NO;
				DEBUG_INFORMATION_FORMAT = dwarf;
				ENABLE_STRICT_OBJC_MSGSEND = YES;
				ENABLE_TESTABILITY = YES;
				GCC_C_LANGUAGE_STANDARD = gnu99;
				GCC_DYNAMIC_NO_PIC = NO;
				GCC_NO_COMMON_BLOCKS = YES;
				GCC_OPTIMIZATION_LEVEL = 0;
				GCC_PREPROCESSOR_DEFINITIONS = (
					"DEBUG=1",
					"$(inherited)",
				);
				GCC_WARN_64_TO_32_BIT_CONVERSION = YES;
				GCC_WARN_ABOUT_RETURN_TYPE = YES_ERROR;
				GCC_WARN_UNDECLARED_SELECTOR = YES;
				GCC_WARN_UNINITIALIZED_AUTOS = YES_AGGRESSIVE;
				GCC_WARN_UNUSED_FUNCTION = YES;
				GCC_WARN_UNUSED_VARIABLE = YES;
				IPHONEOS_DEPLOYMENT_TARGET = 10.1;
				MTL_ENABLE_DEBUG_INFO = YES;
				ONLY_ACTIVE_ARCH = YES;
				SDKROOT = iphoneos;
				SWIFT_ACTIVE_COMPILATION_CONDITIONS = DEBUG;
				SWIFT_OPTIMIZATION_LEVEL = "-Onone";
			};
			name = Debug;
		};
		999C96161DC5FDB800112D96 /* Release */ = {
			isa = XCBuildConfiguration;
			buildSettings = {
				ALWAYS_SEARCH_USER_PATHS = NO;
				CLANG_ANALYZER_NONNULL = YES;
				CLANG_CXX_LANGUAGE_STANDARD = "gnu++0x";
				CLANG_CXX_LIBRARY = "libc++";
				CLANG_ENABLE_MODULES = YES;
				CLANG_ENABLE_OBJC_ARC = YES;
				CLANG_WARN_BOOL_CONVERSION = YES;
				CLANG_WARN_CONSTANT_CONVERSION = YES;
				CLANG_WARN_DIRECT_OBJC_ISA_USAGE = YES_ERROR;
				CLANG_WARN_DOCUMENTATION_COMMENTS = YES;
				CLANG_WARN_EMPTY_BODY = YES;
				CLANG_WARN_ENUM_CONVERSION = YES;
				CLANG_WARN_INFINITE_RECURSION = YES;
				CLANG_WARN_INT_CONVERSION = YES;
				CLANG_WARN_OBJC_ROOT_CLASS = YES_ERROR;
				CLANG_WARN_SUSPICIOUS_MOVES = YES;
				CLANG_WARN_UNREACHABLE_CODE = YES;
				CLANG_WARN__DUPLICATE_METHOD_MATCH = YES;
				"CODE_SIGN_IDENTITY[sdk=iphoneos*]" = "iPhone Developer";
				COPY_PHASE_STRIP = NO;
				DEBUG_INFORMATION_FORMAT = "dwarf-with-dsym";
				ENABLE_NS_ASSERTIONS = NO;
				ENABLE_STRICT_OBJC_MSGSEND = YES;
				GCC_C_LANGUAGE_STANDARD = gnu99;
				GCC_NO_COMMON_BLOCKS = YES;
				GCC_WARN_64_TO_32_BIT_CONVERSION = YES;
				GCC_WARN_ABOUT_RETURN_TYPE = YES_ERROR;
				GCC_WARN_UNDECLARED_SELECTOR = YES;
				GCC_WARN_UNINITIALIZED_AUTOS = YES_AGGRESSIVE;
				GCC_WARN_UNUSED_FUNCTION = YES;
				GCC_WARN_UNUSED_VARIABLE = YES;
				IPHONEOS_DEPLOYMENT_TARGET = 10.1;
				MTL_ENABLE_DEBUG_INFO = NO;
				SDKROOT = iphoneos;
				SWIFT_OPTIMIZATION_LEVEL = "-Owholemodule";
				VALIDATE_PRODUCT = YES;
			};
			name = Release;
		};
		999C96181DC5FDB800112D96 /* Debug */ = {
			isa = XCBuildConfiguration;
			buildSettings = {
				ALWAYS_EMBED_SWIFT_STANDARD_LIBRARIES = YES;
				ASSETCATALOG_COMPILER_APPICON_NAME = AppIcon;
				CODE_SIGN_ENTITLEMENTS = TodaysLunch/TodaysLunch.entitlements;
				DEVELOPMENT_TEAM = HC8X5L458K;
				INFOPLIST_FILE = TodaysLunch/Info.plist;
				LD_RUNPATH_SEARCH_PATHS = "$(inherited) @executable_path/Frameworks";
				PRODUCT_BUNDLE_IDENTIFIER = jp.oxiden.TodaysLunch;
				PRODUCT_NAME = "$(TARGET_NAME)";
				SWIFT_VERSION = 3.0;
			};
			name = Debug;
		};
		999C96191DC5FDB800112D96 /* Release */ = {
			isa = XCBuildConfiguration;
			buildSettings = {
				ALWAYS_EMBED_SWIFT_STANDARD_LIBRARIES = YES;
				ASSETCATALOG_COMPILER_APPICON_NAME = AppIcon;
				CODE_SIGN_ENTITLEMENTS = TodaysLunch/TodaysLunch.entitlements;
				DEVELOPMENT_TEAM = HC8X5L458K;
				INFOPLIST_FILE = TodaysLunch/Info.plist;
				LD_RUNPATH_SEARCH_PATHS = "$(inherited) @executable_path/Frameworks";
				PRODUCT_BUNDLE_IDENTIFIER = jp.oxiden.TodaysLunch;
				PRODUCT_NAME = "$(TARGET_NAME)";
				SWIFT_VERSION = 3.0;
			};
			name = Release;
		};
		999C961B1DC5FDB800112D96 /* Debug */ = {
			isa = XCBuildConfiguration;
			buildSettings = {
				ALWAYS_EMBED_SWIFT_STANDARD_LIBRARIES = YES;
				BUNDLE_LOADER = "$(TEST_HOST)";
				DEVELOPMENT_TEAM = HC8X5L458K;
				INFOPLIST_FILE = TodaysLunchTests/Info.plist;
				LD_RUNPATH_SEARCH_PATHS = "$(inherited) @executable_path/Frameworks @loader_path/Frameworks";
				PRODUCT_BUNDLE_IDENTIFIER = jp.oxiden.TodaysLunchTests;
				PRODUCT_NAME = "$(TARGET_NAME)";
				SWIFT_VERSION = 3.0;
				TEST_HOST = "$(BUILT_PRODUCTS_DIR)/TodaysLunch.app/TodaysLunch";
			};
			name = Debug;
		};
		999C961C1DC5FDB800112D96 /* Release */ = {
			isa = XCBuildConfiguration;
			buildSettings = {
				ALWAYS_EMBED_SWIFT_STANDARD_LIBRARIES = YES;
				BUNDLE_LOADER = "$(TEST_HOST)";
				DEVELOPMENT_TEAM = HC8X5L458K;
				INFOPLIST_FILE = TodaysLunchTests/Info.plist;
				LD_RUNPATH_SEARCH_PATHS = "$(inherited) @executable_path/Frameworks @loader_path/Frameworks";
				PRODUCT_BUNDLE_IDENTIFIER = jp.oxiden.TodaysLunchTests;
				PRODUCT_NAME = "$(TARGET_NAME)";
				SWIFT_VERSION = 3.0;
				TEST_HOST = "$(BUILT_PRODUCTS_DIR)/TodaysLunch.app/TodaysLunch";
			};
			name = Release;
		};
		999C961E1DC5FDB800112D96 /* Debug */ = {
			isa = XCBuildConfiguration;
			buildSettings = {
				ALWAYS_EMBED_SWIFT_STANDARD_LIBRARIES = YES;
				DEVELOPMENT_TEAM = HC8X5L458K;
				INFOPLIST_FILE = TodaysLunchUITests/Info.plist;
				LD_RUNPATH_SEARCH_PATHS = "$(inherited) @executable_path/Frameworks @loader_path/Frameworks";
				PRODUCT_BUNDLE_IDENTIFIER = jp.oxiden.TodaysLunchUITests;
				PRODUCT_NAME = "$(TARGET_NAME)";
				SWIFT_VERSION = 3.0;
				TEST_TARGET_NAME = TodaysLunch;
			};
			name = Debug;
		};
		999C961F1DC5FDB800112D96 /* Release */ = {
			isa = XCBuildConfiguration;
			buildSettings = {
				ALWAYS_EMBED_SWIFT_STANDARD_LIBRARIES = YES;
				DEVELOPMENT_TEAM = HC8X5L458K;
				INFOPLIST_FILE = TodaysLunchUITests/Info.plist;
				LD_RUNPATH_SEARCH_PATHS = "$(inherited) @executable_path/Frameworks @loader_path/Frameworks";
				PRODUCT_BUNDLE_IDENTIFIER = jp.oxiden.TodaysLunchUITests;
				PRODUCT_NAME = "$(TARGET_NAME)";
				SWIFT_VERSION = 3.0;
				TEST_TARGET_NAME = TodaysLunch;
			};
			name = Release;
		};
		999C96321DC61F1500112D96 /* Debug */ = {
			isa = XCBuildConfiguration;
			buildSettings = {
				CODE_SIGN_ENTITLEMENTS = TodayExtension/TodayExtension.entitlements;
				DEVELOPMENT_TEAM = HC8X5L458K;
				INFOPLIST_FILE = TodayExtension/Info.plist;
				LD_RUNPATH_SEARCH_PATHS = "$(inherited) @executable_path/Frameworks @executable_path/../../Frameworks";
				PRODUCT_BUNDLE_IDENTIFIER = jp.oxiden.TodaysLunch.TodayExtension;
				PRODUCT_NAME = "$(TARGET_NAME)";
				SKIP_INSTALL = YES;
				SWIFT_VERSION = 3.0;
			};
			name = Debug;
		};
		999C96331DC61F1500112D96 /* Release */ = {
			isa = XCBuildConfiguration;
			buildSettings = {
				CODE_SIGN_ENTITLEMENTS = TodayExtension/TodayExtension.entitlements;
				DEVELOPMENT_TEAM = HC8X5L458K;
				INFOPLIST_FILE = TodayExtension/Info.plist;
				LD_RUNPATH_SEARCH_PATHS = "$(inherited) @executable_path/Frameworks @executable_path/../../Frameworks";
				PRODUCT_BUNDLE_IDENTIFIER = jp.oxiden.TodaysLunch.TodayExtension;
				PRODUCT_NAME = "$(TARGET_NAME)";
				SKIP_INSTALL = YES;
				SWIFT_VERSION = 3.0;
			};
			name = Release;
		};
/* End XCBuildConfiguration section */

/* Begin XCConfigurationList section */
		999C95EA1DC5FDB800112D96 /* Build configuration list for PBXProject "TodaysLunch" */ = {
			isa = XCConfigurationList;
			buildConfigurations = (
				999C96151DC5FDB800112D96 /* Debug */,
				999C96161DC5FDB800112D96 /* Release */,
			);
			defaultConfigurationIsVisible = 0;
			defaultConfigurationName = Release;
		};
		999C96171DC5FDB800112D96 /* Build configuration list for PBXNativeTarget "TodaysLunch" */ = {
			isa = XCConfigurationList;
			buildConfigurations = (
				999C96181DC5FDB800112D96 /* Debug */,
				999C96191DC5FDB800112D96 /* Release */,
			);
			defaultConfigurationIsVisible = 0;
			defaultConfigurationName = Release;
		};
		999C961A1DC5FDB800112D96 /* Build configuration list for PBXNativeTarget "TodaysLunchTests" */ = {
			isa = XCConfigurationList;
			buildConfigurations = (
				999C961B1DC5FDB800112D96 /* Debug */,
				999C961C1DC5FDB800112D96 /* Release */,
			);
			defaultConfigurationIsVisible = 0;
			defaultConfigurationName = Release;
		};
		999C961D1DC5FDB800112D96 /* Build configuration list for PBXNativeTarget "TodaysLunchUITests" */ = {
			isa = XCConfigurationList;
			buildConfigurations = (
				999C961E1DC5FDB800112D96 /* Debug */,
				999C961F1DC5FDB800112D96 /* Release */,
			);
			defaultConfigurationIsVisible = 0;
			defaultConfigurationName = Release;
		};
		999C96341DC61F1500112D96 /* Build configuration list for PBXNativeTarget "TodayExtension" */ = {
			isa = XCConfigurationList;
			buildConfigurations = (
				999C96321DC61F1500112D96 /* Debug */,
				999C96331DC61F1500112D96 /* Release */,
			);
			defaultConfigurationIsVisible = 0;
			defaultConfigurationName = Release;
		};
/* End XCConfigurationList section */
	};
	rootObject = 999C95E71DC5FDB800112D96 /* Project object */;
}
